// !$*UTF8*$!
{
	archiveVersion = 1;
	classes = {
	};
	objectVersion = 46;
	objects = {

/* Begin PBXBuildFile section */
		09AD6BB0391C5739CCA4EC552BB8AB5B /* ViewController+MASAdditions.m in Sources */ = {isa = PBXBuildFile; fileRef = 003EC86AED05180907B8B4D439953FA3 /* ViewController+MASAdditions.m */; };
		10134028FA698289F57EECC4749A325B /* MASCompositeConstraint.m in Sources */ = {isa = PBXBuildFile; fileRef = C979E90D2429DA1C7BF5A80E6EEB835A /* MASCompositeConstraint.m */; };
		10FB39D107A569FAA4A1F44ED187C2CF /* FMDatabaseAdditions.m in Sources */ = {isa = PBXBuildFile; fileRef = C5353A66415F5D4BE7074BAC82A60738 /* FMDatabaseAdditions.m */; settings = {COMPILER_FLAGS = "-DOS_OBJECT_USE_OBJC=0"; }; };
		13DCCE1B6A81E02352F379EA53775D4E /* MASCompositeConstraint.h in Headers */ = {isa = PBXBuildFile; fileRef = 0290B0942066F5C2BD04CA59A0281AE2 /* MASCompositeConstraint.h */; settings = {ATTRIBUTES = (Project, ); }; };
		14B908A538AA438F6A80F623D14C4BF8 /* MASLayoutConstraint.m in Sources */ = {isa = PBXBuildFile; fileRef = F4404435606DF17F45F03DEFC2630ABB /* MASLayoutConstraint.m */; };
		154B63580C5F17CCD08E8CBD85312DC9 /* NSArray+MASAdditions.m in Sources */ = {isa = PBXBuildFile; fileRef = 831EFEE89C58381A36387FB17D0AF0D9 /* NSArray+MASAdditions.m */; };
		1701E1FC69340D7A6C884D209918C97D /* AFCompatibilityMacros.h in Headers */ = {isa = PBXBuildFile; fileRef = 2B92B425AB07E366DB508A426845F1DD /* AFCompatibilityMacros.h */; settings = {ATTRIBUTES = (Project, ); }; };
		1CCBAF7987974E6F4733F100AFE065D1 /* AFNetworkReachabilityManager.h in Headers */ = {isa = PBXBuildFile; fileRef = C8A7F4EC97508CC8693249471A3A7C7C /* AFNetworkReachabilityManager.h */; settings = {ATTRIBUTES = (Project, ); }; };
		1EB1B478E0DACFF191F46D4E5360E4E3 /* UIActivityIndicatorView+AFNetworking.h in Headers */ = {isa = PBXBuildFile; fileRef = 457D44F74FD9501171040C5FE5936323 /* UIActivityIndicatorView+AFNetworking.h */; settings = {ATTRIBUTES = (Project, ); }; };
		2012B976F2B0E66A05AD295B02A6C0EB /* UIProgressView+AFNetworking.m in Sources */ = {isa = PBXBuildFile; fileRef = 3716046EDAE30F4EAC4AF0F9B852E17A /* UIProgressView+AFNetworking.m */; };
		20F538B72AA58877EE2C8749003D217B /* AFURLSessionManager.h in Headers */ = {isa = PBXBuildFile; fileRef = D9012A5892786CA39EE8A0241784397A /* AFURLSessionManager.h */; settings = {ATTRIBUTES = (Project, ); }; };
		2108BF62CCDD149A53448A55E4162964 /* AFNetworkActivityIndicatorManager.h in Headers */ = {isa = PBXBuildFile; fileRef = 00CE97658AED52A72B1D71A3D8EBE17D /* AFNetworkActivityIndicatorManager.h */; settings = {ATTRIBUTES = (Project, ); }; };
		2531C54F5F840976AECA7164E0148158 /* AFSecurityPolicy.m in Sources */ = {isa = PBXBuildFile; fileRef = 5F4C2828B926BD91A957BEC3069CEBFA /* AFSecurityPolicy.m */; };
		2A592546608EE410C06413202CEE55DF /* UIWebView+AFNetworking.m in Sources */ = {isa = PBXBuildFile; fileRef = 30DA3FF3F71C1430D0608854C5A907E5 /* UIWebView+AFNetworking.m */; };
		2AB199715E4AFC805E8C6C6E34912611 /* FMDB-dummy.m in Sources */ = {isa = PBXBuildFile; fileRef = 3FA23FF864A9AC2DF5B89A1282CE6CD7 /* FMDB-dummy.m */; };
		32C052E0E800E7022A43842F0F969964 /* AFURLRequestSerialization.h in Headers */ = {isa = PBXBuildFile; fileRef = 18DC7720BD8364DFCDF7410262923DD3 /* AFURLRequestSerialization.h */; settings = {ATTRIBUTES = (Project, ); }; };
		33F2281A6DC35E9BFFB49F5EA361666F /* FMDatabasePool.m in Sources */ = {isa = PBXBuildFile; fileRef = 3F7F1F2F17C24027B6AC1E52C539598C /* FMDatabasePool.m */; settings = {COMPILER_FLAGS = "-DOS_OBJECT_USE_OBJC=0"; }; };
		35157697BFF8D2813B0A865FD8CB0FFB /* AFHTTPSessionManager.h in Headers */ = {isa = PBXBuildFile; fileRef = 8344980CE5E26976DEA7416B6C3B3159 /* AFHTTPSessionManager.h */; settings = {ATTRIBUTES = (Project, ); }; };
		3B9B514AE73E6AADDC0A4E6E530E1004 /* AFURLResponseSerialization.h in Headers */ = {isa = PBXBuildFile; fileRef = FBF632D5941862CC52E7705F1508324E /* AFURLResponseSerialization.h */; settings = {ATTRIBUTES = (Project, ); }; };
		414C396766C51109D2FF28587EA5FE82 /* UIRefreshControl+AFNetworking.h in Headers */ = {isa = PBXBuildFile; fileRef = 68800176A251674869AD0D898644DE15 /* UIRefreshControl+AFNetworking.h */; settings = {ATTRIBUTES = (Project, ); }; };
		4341B58E2F21ACF94769776EB43FA4AD /* AFAutoPurgingImageCache.h in Headers */ = {isa = PBXBuildFile; fileRef = 722F575895D7B4884A068A5A0235C96D /* AFAutoPurgingImageCache.h */; settings = {ATTRIBUTES = (Project, ); }; };
		447606EE0DF635BF283A5EA73B1330F2 /* MASConstraintMaker.m in Sources */ = {isa = PBXBuildFile; fileRef = 868CAD1CE399B577584AE260C86416CE /* MASConstraintMaker.m */; };
		4B2E9D553C229CB82ED8E7EB37DBBEDE /* Pods-ChatHan-dummy.m in Sources */ = {isa = PBXBuildFile; fileRef = 8AE74D5DE38B686F3D60FA3A233D1D80 /* Pods-ChatHan-dummy.m */; };
		4BEF78FFB0CF9127BB3FE96260B54509 /* AFURLResponseSerialization.m in Sources */ = {isa = PBXBuildFile; fileRef = EFFE2E613CF133ABAE14D4D5F9E468AA /* AFURLResponseSerialization.m */; };
		4CDFADB5C201F468837EF83068C93AB5 /* View+MASAdditions.h in Headers */ = {isa = PBXBuildFile; fileRef = 22C6ABD05C03E73F1F7B4A6ACF8EF006 /* View+MASAdditions.h */; settings = {ATTRIBUTES = (Project, ); }; };
		5571AA742B6167C0B8C0C280A34E6876 /* UIButton+AFNetworking.m in Sources */ = {isa = PBXBuildFile; fileRef = CD38AE4E609B2DC8A837AAE0E04B0F4F /* UIButton+AFNetworking.m */; };
		5791FC3F455A8BC0FAB22D99D4035A48 /* AFSecurityPolicy.h in Headers */ = {isa = PBXBuildFile; fileRef = D4FA5F4C29ED153DDE613B47FC2B08D6 /* AFSecurityPolicy.h */; settings = {ATTRIBUTES = (Project, ); }; };
		58BB7511BF03831AB27EBEB0EDF00627 /* FMDatabaseQueue.m in Sources */ = {isa = PBXBuildFile; fileRef = 5D4F9C50D92C4768DD18FD43F29663B3 /* FMDatabaseQueue.m */; settings = {COMPILER_FLAGS = "-DOS_OBJECT_USE_OBJC=0"; }; };
		65EAF2D2610934CEAF37E905213503EA /* MASViewConstraint.h in Headers */ = {isa = PBXBuildFile; fileRef = 1454770DAD2BE9BA196DC95E23F6DCFA /* MASViewConstraint.h */; settings = {ATTRIBUTES = (Project, ); }; };
		66586673F7E88E57D5454DE94CE70AC7 /* UIWebView+AFNetworking.h in Headers */ = {isa = PBXBuildFile; fileRef = F438D6CF76A2283BECD4B1B40FA9A8A5 /* UIWebView+AFNetworking.h */; settings = {ATTRIBUTES = (Project, ); }; };
		69CB5656444B35176968076A4630510F /* MASUtilities.h in Headers */ = {isa = PBXBuildFile; fileRef = 22A2F4F2C096DCCEC52D23562D9B8D3F /* MASUtilities.h */; settings = {ATTRIBUTES = (Project, ); }; };
		6A61259B67396B7279968591B38506C4 /* AFNetworking-dummy.m in Sources */ = {isa = PBXBuildFile; fileRef = 0E5DAA5CAB6E5CF848DADB8AD88BB9BA /* AFNetworking-dummy.m */; };
		6B64AE43A08C2A738EC4E8947C898405 /* FMDatabase.h in Headers */ = {isa = PBXBuildFile; fileRef = 31044BAFEE3EE4C26AC28DB497BB7BBA /* FMDatabase.h */; settings = {ATTRIBUTES = (Project, ); }; };
		72D147540BA1EFB43D1B82B9A98B3768 /* AFNetworkReachabilityManager.m in Sources */ = {isa = PBXBuildFile; fileRef = 0123B585683F82EA409CD33D50CA7C49 /* AFNetworkReachabilityManager.m */; };
		76EE497A47BAFC8C0AD2886569BD4343 /* NSArray+MASShorthandAdditions.h in Headers */ = {isa = PBXBuildFile; fileRef = 9E0C486CF83A194AF5A5E0B2A658F479 /* NSArray+MASShorthandAdditions.h */; settings = {ATTRIBUTES = (Project, ); }; };
		7946BAAF97596525D5D08C88F85A1662 /* AFHTTPSessionManager.m in Sources */ = {isa = PBXBuildFile; fileRef = 97D893492043DD96ED4A0B3D61AD1377 /* AFHTTPSessionManager.m */; };
		7A8A5F74B1E09BD41A9E82EDB22C940E /* UIImageView+AFNetworking.h in Headers */ = {isa = PBXBuildFile; fileRef = CBBC70AA9B660454D7C1812DDC5E27D9 /* UIImageView+AFNetworking.h */; settings = {ATTRIBUTES = (Project, ); }; };
		7B00617E3963ACA9AB04DBF38444D961 /* NSLayoutConstraint+MASDebugAdditions.h in Headers */ = {isa = PBXBuildFile; fileRef = 2FB88589F471095D6BCD824C901D4C4B /* NSLayoutConstraint+MASDebugAdditions.h */; settings = {ATTRIBUTES = (Project, ); }; };
		81CD3A0EA14B33D418654F082799C039 /* UIImageView+AFNetworking.m in Sources */ = {isa = PBXBuildFile; fileRef = B58E654D1FACCF1314720820C20AA697 /* UIImageView+AFNetworking.m */; };
		87354C2430EF2873FBA9F4E18090E599 /* NSLayoutConstraint+MASDebugAdditions.m in Sources */ = {isa = PBXBuildFile; fileRef = D47F25FFEDE86DB90F6000B4E92B70C6 /* NSLayoutConstraint+MASDebugAdditions.m */; };
		876752C27D413A5C2BC86ECBF6F2AE6E /* MASViewAttribute.h in Headers */ = {isa = PBXBuildFile; fileRef = 526A0443380E12CADBCC98E6E6576B58 /* MASViewAttribute.h */; settings = {ATTRIBUTES = (Project, ); }; };
		8AAAF0E7979B27E0277FF489C43054A4 /* AFNetworkActivityIndicatorManager.m in Sources */ = {isa = PBXBuildFile; fileRef = 2653A59C90CD2BEFCF9ABCC273BB71A8 /* AFNetworkActivityIndicatorManager.m */; };
		8E319CDBE03E12D315B280F378D90AAE /* FMResultSet.m in Sources */ = {isa = PBXBuildFile; fileRef = 1D5893FD955A51E815C86353E020AA24 /* FMResultSet.m */; settings = {COMPILER_FLAGS = "-DOS_OBJECT_USE_OBJC=0"; }; };
		8FA556B49D0CF46E79DBBA5716EBBD5A /* UIButton+AFNetworking.h in Headers */ = {isa = PBXBuildFile; fileRef = 1EC04E061D9355DB7214242A212ABA49 /* UIButton+AFNetworking.h */; settings = {ATTRIBUTES = (Project, ); }; };
		9FBCFD7E2DB9D3298AA6CF1487A6ED99 /* AFImageDownloader.m in Sources */ = {isa = PBXBuildFile; fileRef = 525286271B48AA6AB08878D74A6A8ABE /* AFImageDownloader.m */; };
		A7E84E3E02AA15605C36892AEFE6F300 /* FMResultSet.h in Headers */ = {isa = PBXBuildFile; fileRef = D3EEC571AD11CE23AF32595373CBEA47 /* FMResultSet.h */; settings = {ATTRIBUTES = (Project, ); }; };
		A8998D750836C2C99D923288B911F842 /* AFAutoPurgingImageCache.m in Sources */ = {isa = PBXBuildFile; fileRef = CCE73D34AE71C91C10CA94F22D1E35F0 /* AFAutoPurgingImageCache.m */; };
		B423820F03A9694A4D6F9EF29A93FF8C /* UIImage+AFNetworking.h in Headers */ = {isa = PBXBuildFile; fileRef = 2B75F4756A042442E66DFD79DBC87E01 /* UIImage+AFNetworking.h */; settings = {ATTRIBUTES = (Project, ); }; };
		B673F47D68269B925AC8BDEA09845F91 /* Masonry-dummy.m in Sources */ = {isa = PBXBuildFile; fileRef = 1D740EFCC97BF984356157F125223A98 /* Masonry-dummy.m */; };
		B9603F9206D9950864448BEB83731ED8 /* AFImageDownloader.h in Headers */ = {isa = PBXBuildFile; fileRef = C334F2E5BFF63DD813F91072C857AB4E /* AFImageDownloader.h */; settings = {ATTRIBUTES = (Project, ); }; };
		BAF145A638CA88DAC178B82FA9C00398 /* AFURLRequestSerialization.m in Sources */ = {isa = PBXBuildFile; fileRef = B0B76776537F7366464A6BEDBBBA98A1 /* AFURLRequestSerialization.m */; };
		BC9B764C70B0B76CBAC3FC8A757E02DC /* FMDatabaseAdditions.h in Headers */ = {isa = PBXBuildFile; fileRef = 1A3C793A14A5352F8FAB6CE626A884F5 /* FMDatabaseAdditions.h */; settings = {ATTRIBUTES = (Project, ); }; };
		C2E6108A177E8FBB444425F652B65DB1 /* UIRefreshControl+AFNetworking.m in Sources */ = {isa = PBXBuildFile; fileRef = 9B4A6A9274809B8EC94A06101F0C371D /* UIRefreshControl+AFNetworking.m */; };
		C32363AF2C2D8CAE297D23043076A95D /* FMDB.h in Headers */ = {isa = PBXBuildFile; fileRef = BC60D7E57F143B09600EAFE38BDB0EC7 /* FMDB.h */; settings = {ATTRIBUTES = (Project, ); }; };
		C4E1728303BC422CB76569900A096E01 /* UIKit+AFNetworking.h in Headers */ = {isa = PBXBuildFile; fileRef = 8F2F603974FA222B15A65B0CEEA381E6 /* UIKit+AFNetworking.h */; settings = {ATTRIBUTES = (Project, ); }; };
		CAD6C643D28410CE08DCE94DFCCF7D85 /* ViewController+MASAdditions.h in Headers */ = {isa = PBXBuildFile; fileRef = CA69AB8E40F570D92101D44253EB7F24 /* ViewController+MASAdditions.h */; settings = {ATTRIBUTES = (Project, ); }; };
		CB646A03793C0D2A9E8D6DDF0C8E6CB4 /* MASConstraint.h in Headers */ = {isa = PBXBuildFile; fileRef = 7D2E409E081D4F24CFC9DAA9B99F2CF5 /* MASConstraint.h */; settings = {ATTRIBUTES = (Project, ); }; };
		CBB167A80E750EFFE3E2ECF10B1C9798 /* NSArray+MASAdditions.h in Headers */ = {isa = PBXBuildFile; fileRef = 9C86EDEA6390CA45D6CB0ED22966979F /* NSArray+MASAdditions.h */; settings = {ATTRIBUTES = (Project, ); }; };
		D5E2485E6F861BB721F74FDB71331210 /* MASConstraint+Private.h in Headers */ = {isa = PBXBuildFile; fileRef = F0F8028491E0E822F02DC83ED6811960 /* MASConstraint+Private.h */; settings = {ATTRIBUTES = (Project, ); }; };
		D954E6C12497D0DB560D2BA38B32172C /* View+MASAdditions.m in Sources */ = {isa = PBXBuildFile; fileRef = 23CE0A6F04C129F10DE24CD09B8C9588 /* View+MASAdditions.m */; };
		DA6F503BEBC3631865C9B1D0EF40878A /* FMDatabasePool.h in Headers */ = {isa = PBXBuildFile; fileRef = 7F0267DB787DAA837439A07C9D7BF66D /* FMDatabasePool.h */; settings = {ATTRIBUTES = (Project, ); }; };
		E3A8EA7C937BFDAA2B53C5F2188B67D8 /* FMDatabaseQueue.h in Headers */ = {isa = PBXBuildFile; fileRef = 6485FE07F1B1C93CC6CC562F036CB807 /* FMDatabaseQueue.h */; settings = {ATTRIBUTES = (Project, ); }; };
		E403C32B0F24FF05862B16834AAE317D /* UIActivityIndicatorView+AFNetworking.m in Sources */ = {isa = PBXBuildFile; fileRef = 616E68504FA013981FC5B6D8278CB0A5 /* UIActivityIndicatorView+AFNetworking.m */; };
		E590030D75775C8770F416ED09932B4A /* MASConstraint.m in Sources */ = {isa = PBXBuildFile; fileRef = 439A5D514C9E13FEA529771ACEAE5465 /* MASConstraint.m */; };
		E9C328B0D2058F404A8EE41546EAE098 /* MASConstraintMaker.h in Headers */ = {isa = PBXBuildFile; fileRef = 69141165E8D4BD5A62C3CE4345430972 /* MASConstraintMaker.h */; settings = {ATTRIBUTES = (Project, ); }; };
		EA129BB1118372CAB92C56AF271424D3 /* MASViewConstraint.m in Sources */ = {isa = PBXBuildFile; fileRef = F96CFC547785B81F3D96293BDB8EDFE3 /* MASViewConstraint.m */; };
		EB04F98D10B00B07F59D13BEA47AFEDB /* UIProgressView+AFNetworking.h in Headers */ = {isa = PBXBuildFile; fileRef = 864B75DDAFCD92C2BAB46304C3986778 /* UIProgressView+AFNetworking.h */; settings = {ATTRIBUTES = (Project, ); }; };
		ED9D56A1F15C2F98DE42B0CDB3702783 /* MASViewAttribute.m in Sources */ = {isa = PBXBuildFile; fileRef = 40AA323DAACF7479926085E18D1B6E4C /* MASViewAttribute.m */; };
		EF694F3D29D41CA052FB6D02E9CC2581 /* MASLayoutConstraint.h in Headers */ = {isa = PBXBuildFile; fileRef = 4018C5EA878208BA0CF239E9B77BE603 /* MASLayoutConstraint.h */; settings = {ATTRIBUTES = (Project, ); }; };
		F36082F450252B903FAA20EC1548D92A /* View+MASShorthandAdditions.h in Headers */ = {isa = PBXBuildFile; fileRef = FCA0741D5ACC23C14EE3FB6B1AD1E9BC /* View+MASShorthandAdditions.h */; settings = {ATTRIBUTES = (Project, ); }; };
		F3ED09C94A17BE53C682DE3B1022D85D /* FMDatabase.m in Sources */ = {isa = PBXBuildFile; fileRef = 8EE90EADF821CCC2131E68C9B4266599 /* FMDatabase.m */; settings = {COMPILER_FLAGS = "-DOS_OBJECT_USE_OBJC=0"; }; };
		F4C1C94D5CB6F7E568A7B9EE9DDF48AF /* AFNetworking.h in Headers */ = {isa = PBXBuildFile; fileRef = 6ABA14D8AB06BB8CC8521D2119CE624F /* AFNetworking.h */; settings = {ATTRIBUTES = (Project, ); }; };
		F8C7E4DAA46388F6693AEB179484A4C2 /* Masonry.h in Headers */ = {isa = PBXBuildFile; fileRef = 2CD62A504C298C7436463B653C5E2DC2 /* Masonry.h */; settings = {ATTRIBUTES = (Project, ); }; };
		FFB481B28AFB7FFD872419A61AAB0A5B /* AFURLSessionManager.m in Sources */ = {isa = PBXBuildFile; fileRef = 49092161586442535E88A721EC9F7828 /* AFURLSessionManager.m */; };
/* End PBXBuildFile section */

/* Begin PBXContainerItemProxy section */
		067D6A36B4BF4D79DE18D5B00817FC8D /* PBXContainerItemProxy */ = {
			isa = PBXContainerItemProxy;
			containerPortal = D41D8CD98F00B204E9800998ECF8427E /* Project object */;
			proxyType = 1;
			remoteGlobalIDString = F4726003F2BE0EC201B44DB7DD6D0167;
			remoteInfo = AFNetworking;
		};
		2E2FCCED026BCCAD86D668A11AAF736C /* PBXContainerItemProxy */ = {
			isa = PBXContainerItemProxy;
			containerPortal = D41D8CD98F00B204E9800998ECF8427E /* Project object */;
			proxyType = 1;
			remoteGlobalIDString = 563CFC01733EEFF7BC491B560ED1DBFA;
			remoteInfo = FMDB;
		};
		9E31E72350E9D4EF7353C1C39119D4B7 /* PBXContainerItemProxy */ = {
			isa = PBXContainerItemProxy;
			containerPortal = D41D8CD98F00B204E9800998ECF8427E /* Project object */;
			proxyType = 1;
			remoteGlobalIDString = E62CAA4010E6BDEB881FB709E40E9DA5;
			remoteInfo = Masonry;
		};
/* End PBXContainerItemProxy section */

/* Begin PBXFileReference section */
		003EC86AED05180907B8B4D439953FA3 /* ViewController+MASAdditions.m */ = {isa = PBXFileReference; includeInIndex = 1; lastKnownFileType = sourcecode.c.objc; name = "ViewController+MASAdditions.m"; path = "Masonry/ViewController+MASAdditions.m"; sourceTree = "<group>"; };
		00CE97658AED52A72B1D71A3D8EBE17D /* AFNetworkActivityIndicatorManager.h */ = {isa = PBXFileReference; includeInIndex = 1; lastKnownFileType = sourcecode.c.h; name = AFNetworkActivityIndicatorManager.h; path = "UIKit+AFNetworking/AFNetworkActivityIndicatorManager.h"; sourceTree = "<group>"; };
		0123B585683F82EA409CD33D50CA7C49 /* AFNetworkReachabilityManager.m */ = {isa = PBXFileReference; includeInIndex = 1; lastKnownFileType = sourcecode.c.objc; name = AFNetworkReachabilityManager.m; path = AFNetworking/AFNetworkReachabilityManager.m; sourceTree = "<group>"; };
		0290B0942066F5C2BD04CA59A0281AE2 /* MASCompositeConstraint.h */ = {isa = PBXFileReference; includeInIndex = 1; lastKnownFileType = sourcecode.c.h; name = MASCompositeConstraint.h; path = Masonry/MASCompositeConstraint.h; sourceTree = "<group>"; };
		0E5DAA5CAB6E5CF848DADB8AD88BB9BA /* AFNetworking-dummy.m */ = {isa = PBXFileReference; includeInIndex = 1; lastKnownFileType = sourcecode.c.objc; path = "AFNetworking-dummy.m"; sourceTree = "<group>"; };
		1454770DAD2BE9BA196DC95E23F6DCFA /* MASViewConstraint.h */ = {isa = PBXFileReference; includeInIndex = 1; lastKnownFileType = sourcecode.c.h; name = MASViewConstraint.h; path = Masonry/MASViewConstraint.h; sourceTree = "<group>"; };
		18DC7720BD8364DFCDF7410262923DD3 /* AFURLRequestSerialization.h */ = {isa = PBXFileReference; includeInIndex = 1; lastKnownFileType = sourcecode.c.h; name = AFURLRequestSerialization.h; path = AFNetworking/AFURLRequestSerialization.h; sourceTree = "<group>"; };
		19BE58409CE9B47B1E46131AB57DA273 /* Masonry.xcconfig */ = {isa = PBXFileReference; includeInIndex = 1; lastKnownFileType = text.xcconfig; path = Masonry.xcconfig; sourceTree = "<group>"; };
		1A3C793A14A5352F8FAB6CE626A884F5 /* FMDatabaseAdditions.h */ = {isa = PBXFileReference; includeInIndex = 1; lastKnownFileType = sourcecode.c.h; name = FMDatabaseAdditions.h; path = src/fmdb/FMDatabaseAdditions.h; sourceTree = "<group>"; };
		1D5893FD955A51E815C86353E020AA24 /* FMResultSet.m */ = {isa = PBXFileReference; includeInIndex = 1; lastKnownFileType = sourcecode.c.objc; name = FMResultSet.m; path = src/fmdb/FMResultSet.m; sourceTree = "<group>"; };
		1D740EFCC97BF984356157F125223A98 /* Masonry-dummy.m */ = {isa = PBXFileReference; includeInIndex = 1; lastKnownFileType = sourcecode.c.objc; path = "Masonry-dummy.m"; sourceTree = "<group>"; };
		1EC04E061D9355DB7214242A212ABA49 /* UIButton+AFNetworking.h */ = {isa = PBXFileReference; includeInIndex = 1; lastKnownFileType = sourcecode.c.h; name = "UIButton+AFNetworking.h"; path = "UIKit+AFNetworking/UIButton+AFNetworking.h"; sourceTree = "<group>"; };
		22447E457D68EA817CA97803FCDF4FA9 /* FMDB-prefix.pch */ = {isa = PBXFileReference; includeInIndex = 1; lastKnownFileType = sourcecode.c.h; path = "FMDB-prefix.pch"; sourceTree = "<group>"; };
		22A2F4F2C096DCCEC52D23562D9B8D3F /* MASUtilities.h */ = {isa = PBXFileReference; includeInIndex = 1; lastKnownFileType = sourcecode.c.h; name = MASUtilities.h; path = Masonry/MASUtilities.h; sourceTree = "<group>"; };
		22C6ABD05C03E73F1F7B4A6ACF8EF006 /* View+MASAdditions.h */ = {isa = PBXFileReference; includeInIndex = 1; lastKnownFileType = sourcecode.c.h; name = "View+MASAdditions.h"; path = "Masonry/View+MASAdditions.h"; sourceTree = "<group>"; };
		23CE0A6F04C129F10DE24CD09B8C9588 /* View+MASAdditions.m */ = {isa = PBXFileReference; includeInIndex = 1; lastKnownFileType = sourcecode.c.objc; name = "View+MASAdditions.m"; path = "Masonry/View+MASAdditions.m"; sourceTree = "<group>"; };
		2653A59C90CD2BEFCF9ABCC273BB71A8 /* AFNetworkActivityIndicatorManager.m */ = {isa = PBXFileReference; includeInIndex = 1; lastKnownFileType = sourcecode.c.objc; name = AFNetworkActivityIndicatorManager.m; path = "UIKit+AFNetworking/AFNetworkActivityIndicatorManager.m"; sourceTree = "<group>"; };
		2B75F4756A042442E66DFD79DBC87E01 /* UIImage+AFNetworking.h */ = {isa = PBXFileReference; includeInIndex = 1; lastKnownFileType = sourcecode.c.h; name = "UIImage+AFNetworking.h"; path = "UIKit+AFNetworking/UIImage+AFNetworking.h"; sourceTree = "<group>"; };
		2B92B425AB07E366DB508A426845F1DD /* AFCompatibilityMacros.h */ = {isa = PBXFileReference; includeInIndex = 1; lastKnownFileType = sourcecode.c.h; name = AFCompatibilityMacros.h; path = AFNetworking/AFCompatibilityMacros.h; sourceTree = "<group>"; };
		2CD62A504C298C7436463B653C5E2DC2 /* Masonry.h */ = {isa = PBXFileReference; includeInIndex = 1; lastKnownFileType = sourcecode.c.h; name = Masonry.h; path = Masonry/Masonry.h; sourceTree = "<group>"; };
		2FB88589F471095D6BCD824C901D4C4B /* NSLayoutConstraint+MASDebugAdditions.h */ = {isa = PBXFileReference; includeInIndex = 1; lastKnownFileType = sourcecode.c.h; name = "NSLayoutConstraint+MASDebugAdditions.h"; path = "Masonry/NSLayoutConstraint+MASDebugAdditions.h"; sourceTree = "<group>"; };
		30DA3FF3F71C1430D0608854C5A907E5 /* UIWebView+AFNetworking.m */ = {isa = PBXFileReference; includeInIndex = 1; lastKnownFileType = sourcecode.c.objc; name = "UIWebView+AFNetworking.m"; path = "UIKit+AFNetworking/UIWebView+AFNetworking.m"; sourceTree = "<group>"; };
		31044BAFEE3EE4C26AC28DB497BB7BBA /* FMDatabase.h */ = {isa = PBXFileReference; includeInIndex = 1; lastKnownFileType = sourcecode.c.h; name = FMDatabase.h; path = src/fmdb/FMDatabase.h; sourceTree = "<group>"; };
		3545AD4B17ED73273CBEEA74E54FAF26 /* AFNetworking-prefix.pch */ = {isa = PBXFileReference; includeInIndex = 1; lastKnownFileType = sourcecode.c.h; path = "AFNetworking-prefix.pch"; sourceTree = "<group>"; };
		3716046EDAE30F4EAC4AF0F9B852E17A /* UIProgressView+AFNetworking.m */ = {isa = PBXFileReference; includeInIndex = 1; lastKnownFileType = sourcecode.c.objc; name = "UIProgressView+AFNetworking.m"; path = "UIKit+AFNetworking/UIProgressView+AFNetworking.m"; sourceTree = "<group>"; };
		3F7F1F2F17C24027B6AC1E52C539598C /* FMDatabasePool.m */ = {isa = PBXFileReference; includeInIndex = 1; lastKnownFileType = sourcecode.c.objc; name = FMDatabasePool.m; path = src/fmdb/FMDatabasePool.m; sourceTree = "<group>"; };
		3FA23FF864A9AC2DF5B89A1282CE6CD7 /* FMDB-dummy.m */ = {isa = PBXFileReference; includeInIndex = 1; lastKnownFileType = sourcecode.c.objc; path = "FMDB-dummy.m"; sourceTree = "<group>"; };
		4018C5EA878208BA0CF239E9B77BE603 /* MASLayoutConstraint.h */ = {isa = PBXFileReference; includeInIndex = 1; lastKnownFileType = sourcecode.c.h; name = MASLayoutConstraint.h; path = Masonry/MASLayoutConstraint.h; sourceTree = "<group>"; };
		40AA323DAACF7479926085E18D1B6E4C /* MASViewAttribute.m */ = {isa = PBXFileReference; includeInIndex = 1; lastKnownFileType = sourcecode.c.objc; name = MASViewAttribute.m; path = Masonry/MASViewAttribute.m; sourceTree = "<group>"; };
		439A5D514C9E13FEA529771ACEAE5465 /* MASConstraint.m */ = {isa = PBXFileReference; includeInIndex = 1; lastKnownFileType = sourcecode.c.objc; name = MASConstraint.m; path = Masonry/MASConstraint.m; sourceTree = "<group>"; };
		457D44F74FD9501171040C5FE5936323 /* UIActivityIndicatorView+AFNetworking.h */ = {isa = PBXFileReference; includeInIndex = 1; lastKnownFileType = sourcecode.c.h; name = "UIActivityIndicatorView+AFNetworking.h"; path = "UIKit+AFNetworking/UIActivityIndicatorView+AFNetworking.h"; sourceTree = "<group>"; };
		49092161586442535E88A721EC9F7828 /* AFURLSessionManager.m */ = {isa = PBXFileReference; includeInIndex = 1; lastKnownFileType = sourcecode.c.objc; name = AFURLSessionManager.m; path = AFNetworking/AFURLSessionManager.m; sourceTree = "<group>"; };
		525286271B48AA6AB08878D74A6A8ABE /* AFImageDownloader.m */ = {isa = PBXFileReference; includeInIndex = 1; lastKnownFileType = sourcecode.c.objc; name = AFImageDownloader.m; path = "UIKit+AFNetworking/AFImageDownloader.m"; sourceTree = "<group>"; };
		526A0443380E12CADBCC98E6E6576B58 /* MASViewAttribute.h */ = {isa = PBXFileReference; includeInIndex = 1; lastKnownFileType = sourcecode.c.h; name = MASViewAttribute.h; path = Masonry/MASViewAttribute.h; sourceTree = "<group>"; };
		5A274B55C8F59C8FA86D0DD9A7A971EB /* libMasonry.a */ = {isa = PBXFileReference; explicitFileType = archive.ar; includeInIndex = 0; name = libMasonry.a; path = libMasonry.a; sourceTree = BUILT_PRODUCTS_DIR; };
		5D4F9C50D92C4768DD18FD43F29663B3 /* FMDatabaseQueue.m */ = {isa = PBXFileReference; includeInIndex = 1; lastKnownFileType = sourcecode.c.objc; name = FMDatabaseQueue.m; path = src/fmdb/FMDatabaseQueue.m; sourceTree = "<group>"; };
		5F4C2828B926BD91A957BEC3069CEBFA /* AFSecurityPolicy.m */ = {isa = PBXFileReference; includeInIndex = 1; lastKnownFileType = sourcecode.c.objc; name = AFSecurityPolicy.m; path = AFNetworking/AFSecurityPolicy.m; sourceTree = "<group>"; };
		616E68504FA013981FC5B6D8278CB0A5 /* UIActivityIndicatorView+AFNetworking.m */ = {isa = PBXFileReference; includeInIndex = 1; lastKnownFileType = sourcecode.c.objc; name = "UIActivityIndicatorView+AFNetworking.m"; path = "UIKit+AFNetworking/UIActivityIndicatorView+AFNetworking.m"; sourceTree = "<group>"; };
		62E4C0D39A492DC2A708E8308E622969 /* Pods-ChatHan-acknowledgements.plist */ = {isa = PBXFileReference; includeInIndex = 1; lastKnownFileType = text.plist.xml; path = "Pods-ChatHan-acknowledgements.plist"; sourceTree = "<group>"; };
		6485FE07F1B1C93CC6CC562F036CB807 /* FMDatabaseQueue.h */ = {isa = PBXFileReference; includeInIndex = 1; lastKnownFileType = sourcecode.c.h; name = FMDatabaseQueue.h; path = src/fmdb/FMDatabaseQueue.h; sourceTree = "<group>"; };
		68800176A251674869AD0D898644DE15 /* UIRefreshControl+AFNetworking.h */ = {isa = PBXFileReference; includeInIndex = 1; lastKnownFileType = sourcecode.c.h; name = "UIRefreshControl+AFNetworking.h"; path = "UIKit+AFNetworking/UIRefreshControl+AFNetworking.h"; sourceTree = "<group>"; };
		69141165E8D4BD5A62C3CE4345430972 /* MASConstraintMaker.h */ = {isa = PBXFileReference; includeInIndex = 1; lastKnownFileType = sourcecode.c.h; name = MASConstraintMaker.h; path = Masonry/MASConstraintMaker.h; sourceTree = "<group>"; };
		6ABA14D8AB06BB8CC8521D2119CE624F /* AFNetworking.h */ = {isa = PBXFileReference; includeInIndex = 1; lastKnownFileType = sourcecode.c.h; name = AFNetworking.h; path = AFNetworking/AFNetworking.h; sourceTree = "<group>"; };
		6F59E7747AFBF77232FE1BED0856D03E /* libPods-ChatHan.a */ = {isa = PBXFileReference; explicitFileType = archive.ar; includeInIndex = 0; name = "libPods-ChatHan.a"; path = "libPods-ChatHan.a"; sourceTree = BUILT_PRODUCTS_DIR; };
		722F575895D7B4884A068A5A0235C96D /* AFAutoPurgingImageCache.h */ = {isa = PBXFileReference; includeInIndex = 1; lastKnownFileType = sourcecode.c.h; name = AFAutoPurgingImageCache.h; path = "UIKit+AFNetworking/AFAutoPurgingImageCache.h"; sourceTree = "<group>"; };
		76C81043F5ED0EEEFEE4B97B0400448D /* FMDB.xcconfig */ = {isa = PBXFileReference; includeInIndex = 1; lastKnownFileType = text.xcconfig; path = FMDB.xcconfig; sourceTree = "<group>"; };
		7D2E409E081D4F24CFC9DAA9B99F2CF5 /* MASConstraint.h */ = {isa = PBXFileReference; includeInIndex = 1; lastKnownFileType = sourcecode.c.h; name = MASConstraint.h; path = Masonry/MASConstraint.h; sourceTree = "<group>"; };
		7F0267DB787DAA837439A07C9D7BF66D /* FMDatabasePool.h */ = {isa = PBXFileReference; includeInIndex = 1; lastKnownFileType = sourcecode.c.h; name = FMDatabasePool.h; path = src/fmdb/FMDatabasePool.h; sourceTree = "<group>"; };
		831EFEE89C58381A36387FB17D0AF0D9 /* NSArray+MASAdditions.m */ = {isa = PBXFileReference; includeInIndex = 1; lastKnownFileType = sourcecode.c.objc; name = "NSArray+MASAdditions.m"; path = "Masonry/NSArray+MASAdditions.m"; sourceTree = "<group>"; };
		8344980CE5E26976DEA7416B6C3B3159 /* AFHTTPSessionManager.h */ = {isa = PBXFileReference; includeInIndex = 1; lastKnownFileType = sourcecode.c.h; name = AFHTTPSessionManager.h; path = AFNetworking/AFHTTPSessionManager.h; sourceTree = "<group>"; };
		864B75DDAFCD92C2BAB46304C3986778 /* UIProgressView+AFNetworking.h */ = {isa = PBXFileReference; includeInIndex = 1; lastKnownFileType = sourcecode.c.h; name = "UIProgressView+AFNetworking.h"; path = "UIKit+AFNetworking/UIProgressView+AFNetworking.h"; sourceTree = "<group>"; };
		868CAD1CE399B577584AE260C86416CE /* MASConstraintMaker.m */ = {isa = PBXFileReference; includeInIndex = 1; lastKnownFileType = sourcecode.c.objc; name = MASConstraintMaker.m; path = Masonry/MASConstraintMaker.m; sourceTree = "<group>"; };
		8AE74D5DE38B686F3D60FA3A233D1D80 /* Pods-ChatHan-dummy.m */ = {isa = PBXFileReference; includeInIndex = 1; lastKnownFileType = sourcecode.c.objc; path = "Pods-ChatHan-dummy.m"; sourceTree = "<group>"; };
		8EE90EADF821CCC2131E68C9B4266599 /* FMDatabase.m */ = {isa = PBXFileReference; includeInIndex = 1; lastKnownFileType = sourcecode.c.objc; name = FMDatabase.m; path = src/fmdb/FMDatabase.m; sourceTree = "<group>"; };
		8F2F603974FA222B15A65B0CEEA381E6 /* UIKit+AFNetworking.h */ = {isa = PBXFileReference; includeInIndex = 1; lastKnownFileType = sourcecode.c.h; name = "UIKit+AFNetworking.h"; path = "UIKit+AFNetworking/UIKit+AFNetworking.h"; sourceTree = "<group>"; };
		93A4A3777CF96A4AAC1D13BA6DCCEA73 /* Podfile */ = {isa = PBXFileReference; explicitFileType = text.script.ruby; includeInIndex = 1; lastKnownFileType = text; name = Podfile; path = ../Podfile; sourceTree = SOURCE_ROOT; xcLanguageSpecificationIdentifier = xcode.lang.ruby; };
		944F57BB183E8C5E7F2F26BD025DF77A /* Pods-ChatHan.debug.xcconfig */ = {isa = PBXFileReference; includeInIndex = 1; lastKnownFileType = text.xcconfig; path = "Pods-ChatHan.debug.xcconfig"; sourceTree = "<group>"; };
		97D893492043DD96ED4A0B3D61AD1377 /* AFHTTPSessionManager.m */ = {isa = PBXFileReference; includeInIndex = 1; lastKnownFileType = sourcecode.c.objc; name = AFHTTPSessionManager.m; path = AFNetworking/AFHTTPSessionManager.m; sourceTree = "<group>"; };
		9B4A6A9274809B8EC94A06101F0C371D /* UIRefreshControl+AFNetworking.m */ = {isa = PBXFileReference; includeInIndex = 1; lastKnownFileType = sourcecode.c.objc; name = "UIRefreshControl+AFNetworking.m"; path = "UIKit+AFNetworking/UIRefreshControl+AFNetworking.m"; sourceTree = "<group>"; };
		9C86EDEA6390CA45D6CB0ED22966979F /* NSArray+MASAdditions.h */ = {isa = PBXFileReference; includeInIndex = 1; lastKnownFileType = sourcecode.c.h; name = "NSArray+MASAdditions.h"; path = "Masonry/NSArray+MASAdditions.h"; sourceTree = "<group>"; };
		9E0C486CF83A194AF5A5E0B2A658F479 /* NSArray+MASShorthandAdditions.h */ = {isa = PBXFileReference; includeInIndex = 1; lastKnownFileType = sourcecode.c.h; name = "NSArray+MASShorthandAdditions.h"; path = "Masonry/NSArray+MASShorthandAdditions.h"; sourceTree = "<group>"; };
		A86E686AC70ABC065B8B7AEC7B4429BD /* libAFNetworking.a */ = {isa = PBXFileReference; explicitFileType = archive.ar; includeInIndex = 0; name = libAFNetworking.a; path = libAFNetworking.a; sourceTree = BUILT_PRODUCTS_DIR; };
		B0B76776537F7366464A6BEDBBBA98A1 /* AFURLRequestSerialization.m */ = {isa = PBXFileReference; includeInIndex = 1; lastKnownFileType = sourcecode.c.objc; name = AFURLRequestSerialization.m; path = AFNetworking/AFURLRequestSerialization.m; sourceTree = "<group>"; };
		B58E654D1FACCF1314720820C20AA697 /* UIImageView+AFNetworking.m */ = {isa = PBXFileReference; includeInIndex = 1; lastKnownFileType = sourcecode.c.objc; name = "UIImageView+AFNetworking.m"; path = "UIKit+AFNetworking/UIImageView+AFNetworking.m"; sourceTree = "<group>"; };
		BC60D7E57F143B09600EAFE38BDB0EC7 /* FMDB.h */ = {isa = PBXFileReference; includeInIndex = 1; lastKnownFileType = sourcecode.c.h; name = FMDB.h; path = src/fmdb/FMDB.h; sourceTree = "<group>"; };
		C334F2E5BFF63DD813F91072C857AB4E /* AFImageDownloader.h */ = {isa = PBXFileReference; includeInIndex = 1; lastKnownFileType = sourcecode.c.h; name = AFImageDownloader.h; path = "UIKit+AFNetworking/AFImageDownloader.h"; sourceTree = "<group>"; };
		C5353A66415F5D4BE7074BAC82A60738 /* FMDatabaseAdditions.m */ = {isa = PBXFileReference; includeInIndex = 1; lastKnownFileType = sourcecode.c.objc; name = FMDatabaseAdditions.m; path = src/fmdb/FMDatabaseAdditions.m; sourceTree = "<group>"; };
		C8A7F4EC97508CC8693249471A3A7C7C /* AFNetworkReachabilityManager.h */ = {isa = PBXFileReference; includeInIndex = 1; lastKnownFileType = sourcecode.c.h; name = AFNetworkReachabilityManager.h; path = AFNetworking/AFNetworkReachabilityManager.h; sourceTree = "<group>"; };
		C979E90D2429DA1C7BF5A80E6EEB835A /* MASCompositeConstraint.m */ = {isa = PBXFileReference; includeInIndex = 1; lastKnownFileType = sourcecode.c.objc; name = MASCompositeConstraint.m; path = Masonry/MASCompositeConstraint.m; sourceTree = "<group>"; };
		CA69AB8E40F570D92101D44253EB7F24 /* ViewController+MASAdditions.h */ = {isa = PBXFileReference; includeInIndex = 1; lastKnownFileType = sourcecode.c.h; name = "ViewController+MASAdditions.h"; path = "Masonry/ViewController+MASAdditions.h"; sourceTree = "<group>"; };
		CBBC70AA9B660454D7C1812DDC5E27D9 /* UIImageView+AFNetworking.h */ = {isa = PBXFileReference; includeInIndex = 1; lastKnownFileType = sourcecode.c.h; name = "UIImageView+AFNetworking.h"; path = "UIKit+AFNetworking/UIImageView+AFNetworking.h"; sourceTree = "<group>"; };
		CCE73D34AE71C91C10CA94F22D1E35F0 /* AFAutoPurgingImageCache.m */ = {isa = PBXFileReference; includeInIndex = 1; lastKnownFileType = sourcecode.c.objc; name = AFAutoPurgingImageCache.m; path = "UIKit+AFNetworking/AFAutoPurgingImageCache.m"; sourceTree = "<group>"; };
		CD38AE4E609B2DC8A837AAE0E04B0F4F /* UIButton+AFNetworking.m */ = {isa = PBXFileReference; includeInIndex = 1; lastKnownFileType = sourcecode.c.objc; name = "UIButton+AFNetworking.m"; path = "UIKit+AFNetworking/UIButton+AFNetworking.m"; sourceTree = "<group>"; };
		D3EEC571AD11CE23AF32595373CBEA47 /* FMResultSet.h */ = {isa = PBXFileReference; includeInIndex = 1; lastKnownFileType = sourcecode.c.h; name = FMResultSet.h; path = src/fmdb/FMResultSet.h; sourceTree = "<group>"; };
		D47F25FFEDE86DB90F6000B4E92B70C6 /* NSLayoutConstraint+MASDebugAdditions.m */ = {isa = PBXFileReference; includeInIndex = 1; lastKnownFileType = sourcecode.c.objc; name = "NSLayoutConstraint+MASDebugAdditions.m"; path = "Masonry/NSLayoutConstraint+MASDebugAdditions.m"; sourceTree = "<group>"; };
		D4FA5F4C29ED153DDE613B47FC2B08D6 /* AFSecurityPolicy.h */ = {isa = PBXFileReference; includeInIndex = 1; lastKnownFileType = sourcecode.c.h; name = AFSecurityPolicy.h; path = AFNetworking/AFSecurityPolicy.h; sourceTree = "<group>"; };
		D784656A21771ADA7FC730EDAD3F4AF8 /* libFMDB.a */ = {isa = PBXFileReference; explicitFileType = archive.ar; includeInIndex = 0; name = libFMDB.a; path = libFMDB.a; sourceTree = BUILT_PRODUCTS_DIR; };
		D9012A5892786CA39EE8A0241784397A /* AFURLSessionManager.h */ = {isa = PBXFileReference; includeInIndex = 1; lastKnownFileType = sourcecode.c.h; name = AFURLSessionManager.h; path = AFNetworking/AFURLSessionManager.h; sourceTree = "<group>"; };
		E78F7EFCD19373E81982C09BC462C4F8 /* Pods-ChatHan.release.xcconfig */ = {isa = PBXFileReference; includeInIndex = 1; lastKnownFileType = text.xcconfig; path = "Pods-ChatHan.release.xcconfig"; sourceTree = "<group>"; };
		E797D9D923FD9F865CCC0A0CAC108590 /* AFNetworking.xcconfig */ = {isa = PBXFileReference; includeInIndex = 1; lastKnownFileType = text.xcconfig; path = AFNetworking.xcconfig; sourceTree = "<group>"; };
		E94724BF612D6CBD6DB4DCFA764EEE01 /* Masonry-prefix.pch */ = {isa = PBXFileReference; includeInIndex = 1; lastKnownFileType = sourcecode.c.h; path = "Masonry-prefix.pch"; sourceTree = "<group>"; };
		EC91B91E822B414A9E2A8AB0EC1598D2 /* Pods-ChatHan-acknowledgements.markdown */ = {isa = PBXFileReference; includeInIndex = 1; lastKnownFileType = text; path = "Pods-ChatHan-acknowledgements.markdown"; sourceTree = "<group>"; };
		EFFE2E613CF133ABAE14D4D5F9E468AA /* AFURLResponseSerialization.m */ = {isa = PBXFileReference; includeInIndex = 1; lastKnownFileType = sourcecode.c.objc; name = AFURLResponseSerialization.m; path = AFNetworking/AFURLResponseSerialization.m; sourceTree = "<group>"; };
		F0F8028491E0E822F02DC83ED6811960 /* MASConstraint+Private.h */ = {isa = PBXFileReference; includeInIndex = 1; lastKnownFileType = sourcecode.c.h; name = "MASConstraint+Private.h"; path = "Masonry/MASConstraint+Private.h"; sourceTree = "<group>"; };
		F438D6CF76A2283BECD4B1B40FA9A8A5 /* UIWebView+AFNetworking.h */ = {isa = PBXFileReference; includeInIndex = 1; lastKnownFileType = sourcecode.c.h; name = "UIWebView+AFNetworking.h"; path = "UIKit+AFNetworking/UIWebView+AFNetworking.h"; sourceTree = "<group>"; };
		F4404435606DF17F45F03DEFC2630ABB /* MASLayoutConstraint.m */ = {isa = PBXFileReference; includeInIndex = 1; lastKnownFileType = sourcecode.c.objc; name = MASLayoutConstraint.m; path = Masonry/MASLayoutConstraint.m; sourceTree = "<group>"; };
		F96CFC547785B81F3D96293BDB8EDFE3 /* MASViewConstraint.m */ = {isa = PBXFileReference; includeInIndex = 1; lastKnownFileType = sourcecode.c.objc; name = MASViewConstraint.m; path = Masonry/MASViewConstraint.m; sourceTree = "<group>"; };
		FBF632D5941862CC52E7705F1508324E /* AFURLResponseSerialization.h */ = {isa = PBXFileReference; includeInIndex = 1; lastKnownFileType = sourcecode.c.h; name = AFURLResponseSerialization.h; path = AFNetworking/AFURLResponseSerialization.h; sourceTree = "<group>"; };
		FCA0741D5ACC23C14EE3FB6B1AD1E9BC /* View+MASShorthandAdditions.h */ = {isa = PBXFileReference; includeInIndex = 1; lastKnownFileType = sourcecode.c.h; name = "View+MASShorthandAdditions.h"; path = "Masonry/View+MASShorthandAdditions.h"; sourceTree = "<group>"; };
/* End PBXFileReference section */

/* Begin PBXFrameworksBuildPhase section */
		0ECD751095105B5C026887277AF59AC8 /* Frameworks */ = {
			isa = PBXFrameworksBuildPhase;
			buildActionMask = 2147483647;
			files = (
			);
			runOnlyForDeploymentPostprocessing = 0;
		};
		6670EDFAEE17901215BA38C5FFE30E41 /* Frameworks */ = {
			isa = PBXFrameworksBuildPhase;
			buildActionMask = 2147483647;
			files = (
			);
			runOnlyForDeploymentPostprocessing = 0;
		};
		B68B77C1AD84874BE43D2DBAF5F6F562 /* Frameworks */ = {
			isa = PBXFrameworksBuildPhase;
			buildActionMask = 2147483647;
			files = (
			);
			runOnlyForDeploymentPostprocessing = 0;
		};
		D63A784EEB309CB120FA2364672B6365 /* Frameworks */ = {
			isa = PBXFrameworksBuildPhase;
			buildActionMask = 2147483647;
			files = (
			);
			runOnlyForDeploymentPostprocessing = 0;
		};
/* End PBXFrameworksBuildPhase section */

/* Begin PBXGroup section */
		0F8D2E47FE03D3B91B51069F7C273AF4 /* Frameworks */ = {
			isa = PBXGroup;
			children = (
			);
			name = Frameworks;
			sourceTree = "<group>";
		};
		1031F0065FEE802BABC81D6F0A0EF81A /* Masonry */ = {
			isa = PBXGroup;
			children = (
				0290B0942066F5C2BD04CA59A0281AE2 /* MASCompositeConstraint.h */,
				C979E90D2429DA1C7BF5A80E6EEB835A /* MASCompositeConstraint.m */,
				7D2E409E081D4F24CFC9DAA9B99F2CF5 /* MASConstraint.h */,
				439A5D514C9E13FEA529771ACEAE5465 /* MASConstraint.m */,
				F0F8028491E0E822F02DC83ED6811960 /* MASConstraint+Private.h */,
				69141165E8D4BD5A62C3CE4345430972 /* MASConstraintMaker.h */,
				868CAD1CE399B577584AE260C86416CE /* MASConstraintMaker.m */,
				4018C5EA878208BA0CF239E9B77BE603 /* MASLayoutConstraint.h */,
				F4404435606DF17F45F03DEFC2630ABB /* MASLayoutConstraint.m */,
				2CD62A504C298C7436463B653C5E2DC2 /* Masonry.h */,
				22A2F4F2C096DCCEC52D23562D9B8D3F /* MASUtilities.h */,
				526A0443380E12CADBCC98E6E6576B58 /* MASViewAttribute.h */,
				40AA323DAACF7479926085E18D1B6E4C /* MASViewAttribute.m */,
				1454770DAD2BE9BA196DC95E23F6DCFA /* MASViewConstraint.h */,
				F96CFC547785B81F3D96293BDB8EDFE3 /* MASViewConstraint.m */,
				9C86EDEA6390CA45D6CB0ED22966979F /* NSArray+MASAdditions.h */,
				831EFEE89C58381A36387FB17D0AF0D9 /* NSArray+MASAdditions.m */,
				9E0C486CF83A194AF5A5E0B2A658F479 /* NSArray+MASShorthandAdditions.h */,
				2FB88589F471095D6BCD824C901D4C4B /* NSLayoutConstraint+MASDebugAdditions.h */,
				D47F25FFEDE86DB90F6000B4E92B70C6 /* NSLayoutConstraint+MASDebugAdditions.m */,
				22C6ABD05C03E73F1F7B4A6ACF8EF006 /* View+MASAdditions.h */,
				23CE0A6F04C129F10DE24CD09B8C9588 /* View+MASAdditions.m */,
				FCA0741D5ACC23C14EE3FB6B1AD1E9BC /* View+MASShorthandAdditions.h */,
				CA69AB8E40F570D92101D44253EB7F24 /* ViewController+MASAdditions.h */,
				003EC86AED05180907B8B4D439953FA3 /* ViewController+MASAdditions.m */,
				1D32FDCD648258E29968A2C4565A5B7E /* Support Files */,
			);
			name = Masonry;
			path = Masonry;
			sourceTree = "<group>";
		};
		17EE114D8BB26409E19FDEE67BF917FC /* Support Files */ = {
			isa = PBXGroup;
			children = (
				76C81043F5ED0EEEFEE4B97B0400448D /* FMDB.xcconfig */,
				3FA23FF864A9AC2DF5B89A1282CE6CD7 /* FMDB-dummy.m */,
				22447E457D68EA817CA97803FCDF4FA9 /* FMDB-prefix.pch */,
			);
			name = "Support Files";
			path = "../Target Support Files/FMDB";
			sourceTree = "<group>";
		};
		1D32FDCD648258E29968A2C4565A5B7E /* Support Files */ = {
			isa = PBXGroup;
			children = (
				19BE58409CE9B47B1E46131AB57DA273 /* Masonry.xcconfig */,
				1D740EFCC97BF984356157F125223A98 /* Masonry-dummy.m */,
				E94724BF612D6CBD6DB4DCFA764EEE01 /* Masonry-prefix.pch */,
			);
			name = "Support Files";
			path = "../Target Support Files/Masonry";
			sourceTree = "<group>";
		};
		46298295D50D3AC25ECEF0FC6199A572 /* Products */ = {
			isa = PBXGroup;
			children = (
				A86E686AC70ABC065B8B7AEC7B4429BD /* libAFNetworking.a */,
				D784656A21771ADA7FC730EDAD3F4AF8 /* libFMDB.a */,
				5A274B55C8F59C8FA86D0DD9A7A971EB /* libMasonry.a */,
				6F59E7747AFBF77232FE1BED0856D03E /* libPods-ChatHan.a */,
			);
			name = Products;
			sourceTree = "<group>";
		};
		485654C5907F1F11D905023AF2BFAE4C /* Security */ = {
			isa = PBXGroup;
			children = (
				D4FA5F4C29ED153DDE613B47FC2B08D6 /* AFSecurityPolicy.h */,
				5F4C2828B926BD91A957BEC3069CEBFA /* AFSecurityPolicy.m */,
			);
			name = Security;
			sourceTree = "<group>";
		};
		5C7CF2BB05C955319845B612ED3C8148 /* Support Files */ = {
			isa = PBXGroup;
			children = (
				E797D9D923FD9F865CCC0A0CAC108590 /* AFNetworking.xcconfig */,
				0E5DAA5CAB6E5CF848DADB8AD88BB9BA /* AFNetworking-dummy.m */,
				3545AD4B17ED73273CBEEA74E54FAF26 /* AFNetworking-prefix.pch */,
			);
			name = "Support Files";
			path = "../Target Support Files/AFNetworking";
			sourceTree = "<group>";
		};
		68045B90B802D54318B3B652166B8B5C /* Pods-ChatHan */ = {
			isa = PBXGroup;
			children = (
				EC91B91E822B414A9E2A8AB0EC1598D2 /* Pods-ChatHan-acknowledgements.markdown */,
				62E4C0D39A492DC2A708E8308E622969 /* Pods-ChatHan-acknowledgements.plist */,
				8AE74D5DE38B686F3D60FA3A233D1D80 /* Pods-ChatHan-dummy.m */,
				944F57BB183E8C5E7F2F26BD025DF77A /* Pods-ChatHan.debug.xcconfig */,
				E78F7EFCD19373E81982C09BC462C4F8 /* Pods-ChatHan.release.xcconfig */,
			);
			name = "Pods-ChatHan";
			path = "Target Support Files/Pods-ChatHan";
			sourceTree = "<group>";
		};
		7D7EEF283876957FA1B9089515E580C3 /* Pods */ = {
			isa = PBXGroup;
			children = (
				C69034D2CEAF4439CB93A5D285C9F184 /* AFNetworking */,
				83CF966ECFC94EC9F0DAB363AA184520 /* FMDB */,
				1031F0065FEE802BABC81D6F0A0EF81A /* Masonry */,
			);
			name = Pods;
			sourceTree = "<group>";
		};
		7DB346D0F39D3F0E887471402A8071AB = {
			isa = PBXGroup;
			children = (
				93A4A3777CF96A4AAC1D13BA6DCCEA73 /* Podfile */,
				0F8D2E47FE03D3B91B51069F7C273AF4 /* Frameworks */,
				7D7EEF283876957FA1B9089515E580C3 /* Pods */,
				46298295D50D3AC25ECEF0FC6199A572 /* Products */,
				E5C47BA6FBBF9195E05FC217DC9164C1 /* Targets Support Files */,
			);
			sourceTree = "<group>";
		};
		83CF966ECFC94EC9F0DAB363AA184520 /* FMDB */ = {
			isa = PBXGroup;
			children = (
				E430D2784C9BB0E3CDA43A3436C6C218 /* standard */,
				17EE114D8BB26409E19FDEE67BF917FC /* Support Files */,
			);
			name = FMDB;
			path = FMDB;
			sourceTree = "<group>";
		};
		96C84B7F8DC5D2DB4B64F0FAFB071B04 /* Reachability */ = {
			isa = PBXGroup;
			children = (
				C8A7F4EC97508CC8693249471A3A7C7C /* AFNetworkReachabilityManager.h */,
				0123B585683F82EA409CD33D50CA7C49 /* AFNetworkReachabilityManager.m */,
			);
			name = Reachability;
			sourceTree = "<group>";
		};
		9B5338624FFF989F2233D417A0292785 /* NSURLSession */ = {
			isa = PBXGroup;
			children = (
				2B92B425AB07E366DB508A426845F1DD /* AFCompatibilityMacros.h */,
				8344980CE5E26976DEA7416B6C3B3159 /* AFHTTPSessionManager.h */,
				97D893492043DD96ED4A0B3D61AD1377 /* AFHTTPSessionManager.m */,
				D9012A5892786CA39EE8A0241784397A /* AFURLSessionManager.h */,
				49092161586442535E88A721EC9F7828 /* AFURLSessionManager.m */,
			);
			name = NSURLSession;
			sourceTree = "<group>";
		};
		AA10363634F9DDEFB778DB934841028F /* UIKit */ = {
			isa = PBXGroup;
			children = (
				722F575895D7B4884A068A5A0235C96D /* AFAutoPurgingImageCache.h */,
				CCE73D34AE71C91C10CA94F22D1E35F0 /* AFAutoPurgingImageCache.m */,
				C334F2E5BFF63DD813F91072C857AB4E /* AFImageDownloader.h */,
				525286271B48AA6AB08878D74A6A8ABE /* AFImageDownloader.m */,
				00CE97658AED52A72B1D71A3D8EBE17D /* AFNetworkActivityIndicatorManager.h */,
				2653A59C90CD2BEFCF9ABCC273BB71A8 /* AFNetworkActivityIndicatorManager.m */,
				457D44F74FD9501171040C5FE5936323 /* UIActivityIndicatorView+AFNetworking.h */,
				616E68504FA013981FC5B6D8278CB0A5 /* UIActivityIndicatorView+AFNetworking.m */,
				1EC04E061D9355DB7214242A212ABA49 /* UIButton+AFNetworking.h */,
				CD38AE4E609B2DC8A837AAE0E04B0F4F /* UIButton+AFNetworking.m */,
				2B75F4756A042442E66DFD79DBC87E01 /* UIImage+AFNetworking.h */,
				CBBC70AA9B660454D7C1812DDC5E27D9 /* UIImageView+AFNetworking.h */,
				B58E654D1FACCF1314720820C20AA697 /* UIImageView+AFNetworking.m */,
				8F2F603974FA222B15A65B0CEEA381E6 /* UIKit+AFNetworking.h */,
				864B75DDAFCD92C2BAB46304C3986778 /* UIProgressView+AFNetworking.h */,
				3716046EDAE30F4EAC4AF0F9B852E17A /* UIProgressView+AFNetworking.m */,
				68800176A251674869AD0D898644DE15 /* UIRefreshControl+AFNetworking.h */,
				9B4A6A9274809B8EC94A06101F0C371D /* UIRefreshControl+AFNetworking.m */,
				F438D6CF76A2283BECD4B1B40FA9A8A5 /* UIWebView+AFNetworking.h */,
				30DA3FF3F71C1430D0608854C5A907E5 /* UIWebView+AFNetworking.m */,
			);
			name = UIKit;
			sourceTree = "<group>";
		};
		C69034D2CEAF4439CB93A5D285C9F184 /* AFNetworking */ = {
			isa = PBXGroup;
			children = (
				6ABA14D8AB06BB8CC8521D2119CE624F /* AFNetworking.h */,
				9B5338624FFF989F2233D417A0292785 /* NSURLSession */,
				96C84B7F8DC5D2DB4B64F0FAFB071B04 /* Reachability */,
				485654C5907F1F11D905023AF2BFAE4C /* Security */,
				FE2A4E66F6B70BA284E3ED1E6B5830CF /* Serialization */,
				5C7CF2BB05C955319845B612ED3C8148 /* Support Files */,
				AA10363634F9DDEFB778DB934841028F /* UIKit */,
			);
			name = AFNetworking;
			path = AFNetworking;
			sourceTree = "<group>";
		};
		E430D2784C9BB0E3CDA43A3436C6C218 /* standard */ = {
			isa = PBXGroup;
			children = (
				31044BAFEE3EE4C26AC28DB497BB7BBA /* FMDatabase.h */,
				8EE90EADF821CCC2131E68C9B4266599 /* FMDatabase.m */,
				1A3C793A14A5352F8FAB6CE626A884F5 /* FMDatabaseAdditions.h */,
				C5353A66415F5D4BE7074BAC82A60738 /* FMDatabaseAdditions.m */,
				7F0267DB787DAA837439A07C9D7BF66D /* FMDatabasePool.h */,
				3F7F1F2F17C24027B6AC1E52C539598C /* FMDatabasePool.m */,
				6485FE07F1B1C93CC6CC562F036CB807 /* FMDatabaseQueue.h */,
				5D4F9C50D92C4768DD18FD43F29663B3 /* FMDatabaseQueue.m */,
				BC60D7E57F143B09600EAFE38BDB0EC7 /* FMDB.h */,
				D3EEC571AD11CE23AF32595373CBEA47 /* FMResultSet.h */,
				1D5893FD955A51E815C86353E020AA24 /* FMResultSet.m */,
			);
			name = standard;
			sourceTree = "<group>";
		};
		E5C47BA6FBBF9195E05FC217DC9164C1 /* Targets Support Files */ = {
			isa = PBXGroup;
			children = (
				68045B90B802D54318B3B652166B8B5C /* Pods-ChatHan */,
			);
			name = "Targets Support Files";
			sourceTree = "<group>";
		};
		FE2A4E66F6B70BA284E3ED1E6B5830CF /* Serialization */ = {
			isa = PBXGroup;
			children = (
				18DC7720BD8364DFCDF7410262923DD3 /* AFURLRequestSerialization.h */,
				B0B76776537F7366464A6BEDBBBA98A1 /* AFURLRequestSerialization.m */,
				FBF632D5941862CC52E7705F1508324E /* AFURLResponseSerialization.h */,
				EFFE2E613CF133ABAE14D4D5F9E468AA /* AFURLResponseSerialization.m */,
			);
			name = Serialization;
			sourceTree = "<group>";
		};
/* End PBXGroup section */

/* Begin PBXHeadersBuildPhase section */
		04558B018D2C5D681870BBB55A672A95 /* Headers */ = {
			isa = PBXHeadersBuildPhase;
			buildActionMask = 2147483647;
			files = (
				4341B58E2F21ACF94769776EB43FA4AD /* AFAutoPurgingImageCache.h in Headers */,
				1701E1FC69340D7A6C884D209918C97D /* AFCompatibilityMacros.h in Headers */,
				35157697BFF8D2813B0A865FD8CB0FFB /* AFHTTPSessionManager.h in Headers */,
				B9603F9206D9950864448BEB83731ED8 /* AFImageDownloader.h in Headers */,
				2108BF62CCDD149A53448A55E4162964 /* AFNetworkActivityIndicatorManager.h in Headers */,
				F4C1C94D5CB6F7E568A7B9EE9DDF48AF /* AFNetworking.h in Headers */,
				1CCBAF7987974E6F4733F100AFE065D1 /* AFNetworkReachabilityManager.h in Headers */,
				5791FC3F455A8BC0FAB22D99D4035A48 /* AFSecurityPolicy.h in Headers */,
				32C052E0E800E7022A43842F0F969964 /* AFURLRequestSerialization.h in Headers */,
				3B9B514AE73E6AADDC0A4E6E530E1004 /* AFURLResponseSerialization.h in Headers */,
				20F538B72AA58877EE2C8749003D217B /* AFURLSessionManager.h in Headers */,
				1EB1B478E0DACFF191F46D4E5360E4E3 /* UIActivityIndicatorView+AFNetworking.h in Headers */,
				8FA556B49D0CF46E79DBBA5716EBBD5A /* UIButton+AFNetworking.h in Headers */,
				B423820F03A9694A4D6F9EF29A93FF8C /* UIImage+AFNetworking.h in Headers */,
				7A8A5F74B1E09BD41A9E82EDB22C940E /* UIImageView+AFNetworking.h in Headers */,
				C4E1728303BC422CB76569900A096E01 /* UIKit+AFNetworking.h in Headers */,
				EB04F98D10B00B07F59D13BEA47AFEDB /* UIProgressView+AFNetworking.h in Headers */,
				414C396766C51109D2FF28587EA5FE82 /* UIRefreshControl+AFNetworking.h in Headers */,
				66586673F7E88E57D5454DE94CE70AC7 /* UIWebView+AFNetworking.h in Headers */,
			);
			runOnlyForDeploymentPostprocessing = 0;
		};
		220615484D6286F06373C6454ADA50C2 /* Headers */ = {
			isa = PBXHeadersBuildPhase;
			buildActionMask = 2147483647;
			files = (
			);
			runOnlyForDeploymentPostprocessing = 0;
		};
		9529B8C81464A41C31729F9E487A6F09 /* Headers */ = {
			isa = PBXHeadersBuildPhase;
			buildActionMask = 2147483647;
			files = (
				13DCCE1B6A81E02352F379EA53775D4E /* MASCompositeConstraint.h in Headers */,
				D5E2485E6F861BB721F74FDB71331210 /* MASConstraint+Private.h in Headers */,
				CB646A03793C0D2A9E8D6DDF0C8E6CB4 /* MASConstraint.h in Headers */,
				E9C328B0D2058F404A8EE41546EAE098 /* MASConstraintMaker.h in Headers */,
				EF694F3D29D41CA052FB6D02E9CC2581 /* MASLayoutConstraint.h in Headers */,
				F8C7E4DAA46388F6693AEB179484A4C2 /* Masonry.h in Headers */,
				69CB5656444B35176968076A4630510F /* MASUtilities.h in Headers */,
				876752C27D413A5C2BC86ECBF6F2AE6E /* MASViewAttribute.h in Headers */,
				65EAF2D2610934CEAF37E905213503EA /* MASViewConstraint.h in Headers */,
				CBB167A80E750EFFE3E2ECF10B1C9798 /* NSArray+MASAdditions.h in Headers */,
				76EE497A47BAFC8C0AD2886569BD4343 /* NSArray+MASShorthandAdditions.h in Headers */,
				7B00617E3963ACA9AB04DBF38444D961 /* NSLayoutConstraint+MASDebugAdditions.h in Headers */,
				4CDFADB5C201F468837EF83068C93AB5 /* View+MASAdditions.h in Headers */,
				F36082F450252B903FAA20EC1548D92A /* View+MASShorthandAdditions.h in Headers */,
				CAD6C643D28410CE08DCE94DFCCF7D85 /* ViewController+MASAdditions.h in Headers */,
			);
			runOnlyForDeploymentPostprocessing = 0;
		};
		A9823EDF374897AAE6DE3C6C996A1A23 /* Headers */ = {
			isa = PBXHeadersBuildPhase;
			buildActionMask = 2147483647;
			files = (
				6B64AE43A08C2A738EC4E8947C898405 /* FMDatabase.h in Headers */,
				BC9B764C70B0B76CBAC3FC8A757E02DC /* FMDatabaseAdditions.h in Headers */,
				DA6F503BEBC3631865C9B1D0EF40878A /* FMDatabasePool.h in Headers */,
				E3A8EA7C937BFDAA2B53C5F2188B67D8 /* FMDatabaseQueue.h in Headers */,
				C32363AF2C2D8CAE297D23043076A95D /* FMDB.h in Headers */,
				A7E84E3E02AA15605C36892AEFE6F300 /* FMResultSet.h in Headers */,
			);
			runOnlyForDeploymentPostprocessing = 0;
		};
/* End PBXHeadersBuildPhase section */

/* Begin PBXNativeTarget section */
		563CFC01733EEFF7BC491B560ED1DBFA /* FMDB */ = {
			isa = PBXNativeTarget;
			buildConfigurationList = 3428FA9D8846C35F2A42E9A088626AD1 /* Build configuration list for PBXNativeTarget "FMDB" */;
			buildPhases = (
				A9823EDF374897AAE6DE3C6C996A1A23 /* Headers */,
				C0EC4BA12BBD05AECF72FABE34B5F57D /* Sources */,
				D63A784EEB309CB120FA2364672B6365 /* Frameworks */,
			);
			buildRules = (
			);
			dependencies = (
			);
			name = FMDB;
			productName = FMDB;
			productReference = D784656A21771ADA7FC730EDAD3F4AF8 /* libFMDB.a */;
			productType = "com.apple.product-type.library.static";
		};
		E62CAA4010E6BDEB881FB709E40E9DA5 /* Masonry */ = {
			isa = PBXNativeTarget;
			buildConfigurationList = 420E3EE43CC1A350A2EBA09ABC5E762A /* Build configuration list for PBXNativeTarget "Masonry" */;
			buildPhases = (
				9529B8C81464A41C31729F9E487A6F09 /* Headers */,
				575477C542A5A91B7CFBA604D813CD2D /* Sources */,
				0ECD751095105B5C026887277AF59AC8 /* Frameworks */,
			);
			buildRules = (
			);
			dependencies = (
			);
			name = Masonry;
			productName = Masonry;
			productReference = 5A274B55C8F59C8FA86D0DD9A7A971EB /* libMasonry.a */;
			productType = "com.apple.product-type.library.static";
		};
		F4726003F2BE0EC201B44DB7DD6D0167 /* AFNetworking */ = {
			isa = PBXNativeTarget;
			buildConfigurationList = 20030ED0E611AB6D834B464119FAD4C2 /* Build configuration list for PBXNativeTarget "AFNetworking" */;
			buildPhases = (
				04558B018D2C5D681870BBB55A672A95 /* Headers */,
				8B387FE5DB87067F289AC50E3C413DC8 /* Sources */,
				6670EDFAEE17901215BA38C5FFE30E41 /* Frameworks */,
			);
			buildRules = (
			);
			dependencies = (
			);
			name = AFNetworking;
			productName = AFNetworking;
			productReference = A86E686AC70ABC065B8B7AEC7B4429BD /* libAFNetworking.a */;
			productType = "com.apple.product-type.library.static";
		};
		FF0C25ADCA860C59E8CC181DF7572D6E /* Pods-ChatHan */ = {
			isa = PBXNativeTarget;
			buildConfigurationList = E7D8E4338BFC8FF324506B66CFD3DCA7 /* Build configuration list for PBXNativeTarget "Pods-ChatHan" */;
			buildPhases = (
				220615484D6286F06373C6454ADA50C2 /* Headers */,
				B7DA060460F17D17A01FDB647E7535D2 /* Sources */,
				B68B77C1AD84874BE43D2DBAF5F6F562 /* Frameworks */,
			);
			buildRules = (
			);
			dependencies = (
				F9F1D3F4E776DCCF3E5E12529FDC5B1D /* PBXTargetDependency */,
				28BD9DF622FEC0D70F88336098484319 /* PBXTargetDependency */,
				A6F22D608CA67525BA6B8FC16143C540 /* PBXTargetDependency */,
			);
			name = "Pods-ChatHan";
			productName = "Pods-ChatHan";
			productReference = 6F59E7747AFBF77232FE1BED0856D03E /* libPods-ChatHan.a */;
			productType = "com.apple.product-type.library.static";
		};
/* End PBXNativeTarget section */

/* Begin PBXProject section */
		D41D8CD98F00B204E9800998ECF8427E /* Project object */ = {
			isa = PBXProject;
			attributes = {
				LastSwiftUpdateCheck = 0930;
				LastUpgradeCheck = 0930;
			};
			buildConfigurationList = 2D8E8EC45A3A1A1D94AE762CB5028504 /* Build configuration list for PBXProject "Pods" */;
			compatibilityVersion = "Xcode 3.2";
			developmentRegion = English;
			hasScannedForEncodings = 0;
			knownRegions = (
				en,
			);
			mainGroup = 7DB346D0F39D3F0E887471402A8071AB;
			productRefGroup = 46298295D50D3AC25ECEF0FC6199A572 /* Products */;
			projectDirPath = "";
			projectRoot = "";
			targets = (
				F4726003F2BE0EC201B44DB7DD6D0167 /* AFNetworking */,
				563CFC01733EEFF7BC491B560ED1DBFA /* FMDB */,
				E62CAA4010E6BDEB881FB709E40E9DA5 /* Masonry */,
				FF0C25ADCA860C59E8CC181DF7572D6E /* Pods-ChatHan */,
			);
		};
/* End PBXProject section */

/* Begin PBXSourcesBuildPhase section */
		575477C542A5A91B7CFBA604D813CD2D /* Sources */ = {
			isa = PBXSourcesBuildPhase;
			buildActionMask = 2147483647;
			files = (
				10134028FA698289F57EECC4749A325B /* MASCompositeConstraint.m in Sources */,
				E590030D75775C8770F416ED09932B4A /* MASConstraint.m in Sources */,
				447606EE0DF635BF283A5EA73B1330F2 /* MASConstraintMaker.m in Sources */,
				14B908A538AA438F6A80F623D14C4BF8 /* MASLayoutConstraint.m in Sources */,
				B673F47D68269B925AC8BDEA09845F91 /* Masonry-dummy.m in Sources */,
				ED9D56A1F15C2F98DE42B0CDB3702783 /* MASViewAttribute.m in Sources */,
				EA129BB1118372CAB92C56AF271424D3 /* MASViewConstraint.m in Sources */,
				154B63580C5F17CCD08E8CBD85312DC9 /* NSArray+MASAdditions.m in Sources */,
				87354C2430EF2873FBA9F4E18090E599 /* NSLayoutConstraint+MASDebugAdditions.m in Sources */,
				D954E6C12497D0DB560D2BA38B32172C /* View+MASAdditions.m in Sources */,
				09AD6BB0391C5739CCA4EC552BB8AB5B /* ViewController+MASAdditions.m in Sources */,
			);
			runOnlyForDeploymentPostprocessing = 0;
		};
		8B387FE5DB87067F289AC50E3C413DC8 /* Sources */ = {
			isa = PBXSourcesBuildPhase;
			buildActionMask = 2147483647;
			files = (
				A8998D750836C2C99D923288B911F842 /* AFAutoPurgingImageCache.m in Sources */,
				7946BAAF97596525D5D08C88F85A1662 /* AFHTTPSessionManager.m in Sources */,
				9FBCFD7E2DB9D3298AA6CF1487A6ED99 /* AFImageDownloader.m in Sources */,
				8AAAF0E7979B27E0277FF489C43054A4 /* AFNetworkActivityIndicatorManager.m in Sources */,
				6A61259B67396B7279968591B38506C4 /* AFNetworking-dummy.m in Sources */,
				72D147540BA1EFB43D1B82B9A98B3768 /* AFNetworkReachabilityManager.m in Sources */,
				2531C54F5F840976AECA7164E0148158 /* AFSecurityPolicy.m in Sources */,
				BAF145A638CA88DAC178B82FA9C00398 /* AFURLRequestSerialization.m in Sources */,
				4BEF78FFB0CF9127BB3FE96260B54509 /* AFURLResponseSerialization.m in Sources */,
				FFB481B28AFB7FFD872419A61AAB0A5B /* AFURLSessionManager.m in Sources */,
				E403C32B0F24FF05862B16834AAE317D /* UIActivityIndicatorView+AFNetworking.m in Sources */,
				5571AA742B6167C0B8C0C280A34E6876 /* UIButton+AFNetworking.m in Sources */,
				81CD3A0EA14B33D418654F082799C039 /* UIImageView+AFNetworking.m in Sources */,
				2012B976F2B0E66A05AD295B02A6C0EB /* UIProgressView+AFNetworking.m in Sources */,
				C2E6108A177E8FBB444425F652B65DB1 /* UIRefreshControl+AFNetworking.m in Sources */,
				2A592546608EE410C06413202CEE55DF /* UIWebView+AFNetworking.m in Sources */,
			);
			runOnlyForDeploymentPostprocessing = 0;
		};
		B7DA060460F17D17A01FDB647E7535D2 /* Sources */ = {
			isa = PBXSourcesBuildPhase;
			buildActionMask = 2147483647;
			files = (
				4B2E9D553C229CB82ED8E7EB37DBBEDE /* Pods-ChatHan-dummy.m in Sources */,
			);
			runOnlyForDeploymentPostprocessing = 0;
		};
		C0EC4BA12BBD05AECF72FABE34B5F57D /* Sources */ = {
			isa = PBXSourcesBuildPhase;
			buildActionMask = 2147483647;
			files = (
				F3ED09C94A17BE53C682DE3B1022D85D /* FMDatabase.m in Sources */,
				10FB39D107A569FAA4A1F44ED187C2CF /* FMDatabaseAdditions.m in Sources */,
				33F2281A6DC35E9BFFB49F5EA361666F /* FMDatabasePool.m in Sources */,
				58BB7511BF03831AB27EBEB0EDF00627 /* FMDatabaseQueue.m in Sources */,
				2AB199715E4AFC805E8C6C6E34912611 /* FMDB-dummy.m in Sources */,
				8E319CDBE03E12D315B280F378D90AAE /* FMResultSet.m in Sources */,
			);
			runOnlyForDeploymentPostprocessing = 0;
		};
/* End PBXSourcesBuildPhase section */

/* Begin PBXTargetDependency section */
		28BD9DF622FEC0D70F88336098484319 /* PBXTargetDependency */ = {
			isa = PBXTargetDependency;
			name = FMDB;
			target = 563CFC01733EEFF7BC491B560ED1DBFA /* FMDB */;
			targetProxy = 2E2FCCED026BCCAD86D668A11AAF736C /* PBXContainerItemProxy */;
		};
		A6F22D608CA67525BA6B8FC16143C540 /* PBXTargetDependency */ = {
			isa = PBXTargetDependency;
			name = Masonry;
			target = E62CAA4010E6BDEB881FB709E40E9DA5 /* Masonry */;
			targetProxy = 9E31E72350E9D4EF7353C1C39119D4B7 /* PBXContainerItemProxy */;
		};
		F9F1D3F4E776DCCF3E5E12529FDC5B1D /* PBXTargetDependency */ = {
			isa = PBXTargetDependency;
			name = AFNetworking;
			target = F4726003F2BE0EC201B44DB7DD6D0167 /* AFNetworking */;
			targetProxy = 067D6A36B4BF4D79DE18D5B00817FC8D /* PBXContainerItemProxy */;
		};
/* End PBXTargetDependency section */

/* Begin XCBuildConfiguration section */
		4E325306CC9676AE36768C29A7BF95BC /* Debug */ = {
			isa = XCBuildConfiguration;
			baseConfigurationReference = 76C81043F5ED0EEEFEE4B97B0400448D /* FMDB.xcconfig */;
			buildSettings = {
				CLANG_ENABLE_OBJC_WEAK = NO;
				CODE_SIGN_IDENTITY = "iPhone Developer";
				"CODE_SIGN_IDENTITY[sdk=appletvos*]" = "";
				"CODE_SIGN_IDENTITY[sdk=iphoneos*]" = "";
				"CODE_SIGN_IDENTITY[sdk=watchos*]" = "";
				GCC_PREFIX_HEADER = "Target Support Files/FMDB/FMDB-prefix.pch";
				IPHONEOS_DEPLOYMENT_TARGET = 4.3;
				OTHER_LDFLAGS = "";
				OTHER_LIBTOOLFLAGS = "";
				PRIVATE_HEADERS_FOLDER_PATH = "";
				PRODUCT_MODULE_NAME = FMDB;
				PRODUCT_NAME = FMDB;
				PUBLIC_HEADERS_FOLDER_PATH = "";
				SDKROOT = iphoneos;
				SKIP_INSTALL = YES;
				SWIFT_ACTIVE_COMPILATION_CONDITIONS = "$(inherited) ";
				TARGETED_DEVICE_FAMILY = "1,2";
			};
			name = Debug;
		};
		4EE6C0506316755875CD481FAC933799 /* Release */ = {
			isa = XCBuildConfiguration;
			buildSettings = {
				ALWAYS_SEARCH_USER_PATHS = NO;
				CLANG_ANALYZER_NONNULL = YES;
				CLANG_ANALYZER_NUMBER_OBJECT_CONVERSION = YES_AGGRESSIVE;
				CLANG_CXX_LANGUAGE_STANDARD = "gnu++14";
				CLANG_CXX_LIBRARY = "libc++";
				CLANG_ENABLE_MODULES = YES;
				CLANG_ENABLE_OBJC_ARC = YES;
				CLANG_ENABLE_OBJC_WEAK = YES;
				CLANG_WARN_BLOCK_CAPTURE_AUTORELEASING = YES;
				CLANG_WARN_BOOL_CONVERSION = YES;
				CLANG_WARN_COMMA = YES;
				CLANG_WARN_CONSTANT_CONVERSION = YES;
				CLANG_WARN_DEPRECATED_OBJC_IMPLEMENTATIONS = YES;
				CLANG_WARN_DIRECT_OBJC_ISA_USAGE = YES_ERROR;
				CLANG_WARN_DOCUMENTATION_COMMENTS = YES;
				CLANG_WARN_EMPTY_BODY = YES;
				CLANG_WARN_ENUM_CONVERSION = YES;
				CLANG_WARN_INFINITE_RECURSION = YES;
				CLANG_WARN_INT_CONVERSION = YES;
				CLANG_WARN_NON_LITERAL_NULL_CONVERSION = YES;
				CLANG_WARN_OBJC_IMPLICIT_RETAIN_SELF = YES;
				CLANG_WARN_OBJC_LITERAL_CONVERSION = YES;
				CLANG_WARN_OBJC_ROOT_CLASS = YES_ERROR;
				CLANG_WARN_RANGE_LOOP_ANALYSIS = YES;
				CLANG_WARN_STRICT_PROTOTYPES = YES;
				CLANG_WARN_SUSPICIOUS_MOVE = YES;
				CLANG_WARN_UNGUARDED_AVAILABILITY = YES_AGGRESSIVE;
				CLANG_WARN_UNREACHABLE_CODE = YES;
				CLANG_WARN__DUPLICATE_METHOD_MATCH = YES;
				CODE_SIGNING_ALLOWED = NO;
				CODE_SIGNING_REQUIRED = NO;
				COPY_PHASE_STRIP = NO;
				DEBUG_INFORMATION_FORMAT = "dwarf-with-dsym";
				ENABLE_NS_ASSERTIONS = NO;
				ENABLE_STRICT_OBJC_MSGSEND = YES;
				GCC_C_LANGUAGE_STANDARD = gnu11;
				GCC_NO_COMMON_BLOCKS = YES;
				GCC_PREPROCESSOR_DEFINITIONS = (
					"POD_CONFIGURATION_RELEASE=1",
					"$(inherited)",
				);
				GCC_WARN_64_TO_32_BIT_CONVERSION = YES;
				GCC_WARN_ABOUT_RETURN_TYPE = YES_ERROR;
				GCC_WARN_UNDECLARED_SELECTOR = YES;
				GCC_WARN_UNINITIALIZED_AUTOS = YES_AGGRESSIVE;
				GCC_WARN_UNUSED_FUNCTION = YES;
				GCC_WARN_UNUSED_VARIABLE = YES;
				IPHONEOS_DEPLOYMENT_TARGET = 7.0;
				MTL_ENABLE_DEBUG_INFO = NO;
				MTL_FAST_MATH = YES;
				PRODUCT_NAME = "$(TARGET_NAME)";
				STRIP_INSTALLED_PRODUCT = NO;
				SYMROOT = "${SRCROOT}/../build";
			};
			name = Release;
		};
		72207D30BCCF055C2BF2AC4A246973CB /* Debug */ = {
			isa = XCBuildConfiguration;
			baseConfigurationReference = 944F57BB183E8C5E7F2F26BD025DF77A /* Pods-ChatHan.debug.xcconfig */;
			buildSettings = {
				ALWAYS_EMBED_SWIFT_STANDARD_LIBRARIES = NO;
				CODE_SIGN_IDENTITY = "iPhone Developer";
				"CODE_SIGN_IDENTITY[sdk=appletvos*]" = "";
				"CODE_SIGN_IDENTITY[sdk=iphoneos*]" = "";
				"CODE_SIGN_IDENTITY[sdk=watchos*]" = "";
				IPHONEOS_DEPLOYMENT_TARGET = 7.0;
				MACH_O_TYPE = staticlib;
				OTHER_LDFLAGS = "";
				OTHER_LIBTOOLFLAGS = "";
				PODS_ROOT = "$(SRCROOT)";
				PRODUCT_BUNDLE_IDENTIFIER = "org.cocoapods.${PRODUCT_NAME:rfc1034identifier}";
				SDKROOT = iphoneos;
				SKIP_INSTALL = YES;
				TARGETED_DEVICE_FAMILY = "1,2";
			};
			name = Debug;
		};
		75BBC915B85086D1B86D1A8FFB3D41E6 /* Release */ = {
			isa = XCBuildConfiguration;
			baseConfigurationReference = E797D9D923FD9F865CCC0A0CAC108590 /* AFNetworking.xcconfig */;
			buildSettings = {
				CODE_SIGN_IDENTITY = "iPhone Developer";
				"CODE_SIGN_IDENTITY[sdk=appletvos*]" = "";
				"CODE_SIGN_IDENTITY[sdk=iphoneos*]" = "";
				"CODE_SIGN_IDENTITY[sdk=watchos*]" = "";
				GCC_PREFIX_HEADER = "Target Support Files/AFNetworking/AFNetworking-prefix.pch";
				IPHONEOS_DEPLOYMENT_TARGET = 7.0;
				OTHER_LDFLAGS = "";
				OTHER_LIBTOOLFLAGS = "";
				PRIVATE_HEADERS_FOLDER_PATH = "";
				PRODUCT_MODULE_NAME = AFNetworking;
				PRODUCT_NAME = AFNetworking;
				PUBLIC_HEADERS_FOLDER_PATH = "";
				SDKROOT = iphoneos;
				SKIP_INSTALL = YES;
				SWIFT_ACTIVE_COMPILATION_CONDITIONS = "$(inherited) ";
				TARGETED_DEVICE_FAMILY = "1,2";
				VALIDATE_PRODUCT = YES;
			};
			name = Release;
		};
		7816848ADC0F7C831993082F86569985 /* Release */ = {
			isa = XCBuildConfiguration;
			baseConfigurationReference = E78F7EFCD19373E81982C09BC462C4F8 /* Pods-ChatHan.release.xcconfig */;
			buildSettings = {
				ALWAYS_EMBED_SWIFT_STANDARD_LIBRARIES = NO;
				CODE_SIGN_IDENTITY = "iPhone Developer";
				"CODE_SIGN_IDENTITY[sdk=appletvos*]" = "";
				"CODE_SIGN_IDENTITY[sdk=iphoneos*]" = "";
				"CODE_SIGN_IDENTITY[sdk=watchos*]" = "";
				IPHONEOS_DEPLOYMENT_TARGET = 7.0;
				MACH_O_TYPE = staticlib;
				OTHER_LDFLAGS = "";
				OTHER_LIBTOOLFLAGS = "";
				PODS_ROOT = "$(SRCROOT)";
				PRODUCT_BUNDLE_IDENTIFIER = "org.cocoapods.${PRODUCT_NAME:rfc1034identifier}";
				SDKROOT = iphoneos;
				SKIP_INSTALL = YES;
				TARGETED_DEVICE_FAMILY = "1,2";
				VALIDATE_PRODUCT = YES;
			};
			name = Release;
		};
		80CD87F6CD790A781413136112217B22 /* Debug */ = {
			isa = XCBuildConfiguration;
			buildSettings = {
				ALWAYS_SEARCH_USER_PATHS = NO;
				CLANG_ANALYZER_NONNULL = YES;
				CLANG_ANALYZER_NUMBER_OBJECT_CONVERSION = YES_AGGRESSIVE;
				CLANG_CXX_LANGUAGE_STANDARD = "gnu++14";
				CLANG_CXX_LIBRARY = "libc++";
				CLANG_ENABLE_MODULES = YES;
				CLANG_ENABLE_OBJC_ARC = YES;
				CLANG_ENABLE_OBJC_WEAK = YES;
				CLANG_WARN_BLOCK_CAPTURE_AUTORELEASING = YES;
				CLANG_WARN_BOOL_CONVERSION = YES;
				CLANG_WARN_COMMA = YES;
				CLANG_WARN_CONSTANT_CONVERSION = YES;
				CLANG_WARN_DEPRECATED_OBJC_IMPLEMENTATIONS = YES;
				CLANG_WARN_DIRECT_OBJC_ISA_USAGE = YES_ERROR;
				CLANG_WARN_DOCUMENTATION_COMMENTS = YES;
				CLANG_WARN_EMPTY_BODY = YES;
				CLANG_WARN_ENUM_CONVERSION = YES;
				CLANG_WARN_INFINITE_RECURSION = YES;
				CLANG_WARN_INT_CONVERSION = YES;
				CLANG_WARN_NON_LITERAL_NULL_CONVERSION = YES;
				CLANG_WARN_OBJC_IMPLICIT_RETAIN_SELF = YES;
				CLANG_WARN_OBJC_LITERAL_CONVERSION = YES;
				CLANG_WARN_OBJC_ROOT_CLASS = YES_ERROR;
				CLANG_WARN_RANGE_LOOP_ANALYSIS = YES;
				CLANG_WARN_STRICT_PROTOTYPES = YES;
				CLANG_WARN_SUSPICIOUS_MOVE = YES;
				CLANG_WARN_UNGUARDED_AVAILABILITY = YES_AGGRESSIVE;
				CLANG_WARN_UNREACHABLE_CODE = YES;
				CLANG_WARN__DUPLICATE_METHOD_MATCH = YES;
				CODE_SIGNING_ALLOWED = NO;
				CODE_SIGNING_REQUIRED = NO;
				COPY_PHASE_STRIP = NO;
				DEBUG_INFORMATION_FORMAT = dwarf;
				ENABLE_STRICT_OBJC_MSGSEND = YES;
				ENABLE_TESTABILITY = YES;
				GCC_C_LANGUAGE_STANDARD = gnu11;
				GCC_DYNAMIC_NO_PIC = NO;
				GCC_NO_COMMON_BLOCKS = YES;
				GCC_OPTIMIZATION_LEVEL = 0;
				GCC_PREPROCESSOR_DEFINITIONS = (
					"POD_CONFIGURATION_DEBUG=1",
					"DEBUG=1",
					"$(inherited)",
				);
				GCC_WARN_64_TO_32_BIT_CONVERSION = YES;
				GCC_WARN_ABOUT_RETURN_TYPE = YES_ERROR;
				GCC_WARN_UNDECLARED_SELECTOR = YES;
				GCC_WARN_UNINITIALIZED_AUTOS = YES_AGGRESSIVE;
				GCC_WARN_UNUSED_FUNCTION = YES;
				GCC_WARN_UNUSED_VARIABLE = YES;
				IPHONEOS_DEPLOYMENT_TARGET = 7.0;
				MTL_ENABLE_DEBUG_INFO = INCLUDE_SOURCE;
				MTL_FAST_MATH = YES;
				ONLY_ACTIVE_ARCH = YES;
				PRODUCT_NAME = "$(TARGET_NAME)";
				STRIP_INSTALLED_PRODUCT = NO;
				SWIFT_ACTIVE_COMPILATION_CONDITIONS = DEBUG;
				SYMROOT = "${SRCROOT}/../build";
			};
			name = Debug;
		};
		A5355117F36974A28246067DE3E6E734 /* Release */ = {
			isa = XCBuildConfiguration;
			baseConfigurationReference = 76C81043F5ED0EEEFEE4B97B0400448D /* FMDB.xcconfig */;
			buildSettings = {
				CLANG_ENABLE_OBJC_WEAK = NO;
				CODE_SIGN_IDENTITY = "iPhone Developer";
				"CODE_SIGN_IDENTITY[sdk=appletvos*]" = "";
				"CODE_SIGN_IDENTITY[sdk=iphoneos*]" = "";
				"CODE_SIGN_IDENTITY[sdk=watchos*]" = "";
				GCC_PREFIX_HEADER = "Target Support Files/FMDB/FMDB-prefix.pch";
				IPHONEOS_DEPLOYMENT_TARGET = 4.3;
				OTHER_LDFLAGS = "";
				OTHER_LIBTOOLFLAGS = "";
				PRIVATE_HEADERS_FOLDER_PATH = "";
				PRODUCT_MODULE_NAME = FMDB;
				PRODUCT_NAME = FMDB;
				PUBLIC_HEADERS_FOLDER_PATH = "";
				SDKROOT = iphoneos;
				SKIP_INSTALL = YES;
				SWIFT_ACTIVE_COMPILATION_CONDITIONS = "$(inherited) ";
				TARGETED_DEVICE_FAMILY = "1,2";
				VALIDATE_PRODUCT = YES;
			};
			name = Release;
		};
		B77CDB06222B88F32C409776BBC26A7D /* Debug */ = {
			isa = XCBuildConfiguration;
			baseConfigurationReference = 19BE58409CE9B47B1E46131AB57DA273 /* Masonry.xcconfig */;
			buildSettings = {
				CODE_SIGN_IDENTITY = "iPhone Developer";
				"CODE_SIGN_IDENTITY[sdk=appletvos*]" = "";
				"CODE_SIGN_IDENTITY[sdk=iphoneos*]" = "";
				"CODE_SIGN_IDENTITY[sdk=watchos*]" = "";
				GCC_PREFIX_HEADER = "Target Support Files/Masonry/Masonry-prefix.pch";
				IPHONEOS_DEPLOYMENT_TARGET = 6.0;
				OTHER_LDFLAGS = "";
				OTHER_LIBTOOLFLAGS = "";
				PRIVATE_HEADERS_FOLDER_PATH = "";
				PRODUCT_MODULE_NAME = Masonry;
				PRODUCT_NAME = Masonry;
				PUBLIC_HEADERS_FOLDER_PATH = "";
				SDKROOT = iphoneos;
				SKIP_INSTALL = YES;
				SWIFT_ACTIVE_COMPILATION_CONDITIONS = "$(inherited) ";
				TARGETED_DEVICE_FAMILY = "1,2";
			};
			name = Debug;
		};
		F5CCB138F5B4176104D2D4338EA7D967 /* Debug */ = {
			isa = XCBuildConfiguration;
			baseConfigurationReference = E797D9D923FD9F865CCC0A0CAC108590 /* AFNetworking.xcconfig */;
			buildSettings = {
				CODE_SIGN_IDENTITY = "iPhone Developer";
				"CODE_SIGN_IDENTITY[sdk=appletvos*]" = "";
				"CODE_SIGN_IDENTITY[sdk=iphoneos*]" = "";
				"CODE_SIGN_IDENTITY[sdk=watchos*]" = "";
				GCC_PREFIX_HEADER = "Target Support Files/AFNetworking/AFNetworking-prefix.pch";
				IPHONEOS_DEPLOYMENT_TARGET = 7.0;
				OTHER_LDFLAGS = "";
				OTHER_LIBTOOLFLAGS = "";
				PRIVATE_HEADERS_FOLDER_PATH = "";
				PRODUCT_MODULE_NAME = AFNetworking;
				PRODUCT_NAME = AFNetworking;
				PUBLIC_HEADERS_FOLDER_PATH = "";
				SDKROOT = iphoneos;
				SKIP_INSTALL = YES;
				SWIFT_ACTIVE_COMPILATION_CONDITIONS = "$(inherited) ";
				TARGETED_DEVICE_FAMILY = "1,2";
			};
			name = Debug;
		};
		F7E20F507B74FA358DF06D8E46E54D8A /* Release */ = {
			isa = XCBuildConfiguration;
			baseConfigurationReference = 19BE58409CE9B47B1E46131AB57DA273 /* Masonry.xcconfig */;
			buildSettings = {
				CODE_SIGN_IDENTITY = "iPhone Developer";
				"CODE_SIGN_IDENTITY[sdk=appletvos*]" = "";
				"CODE_SIGN_IDENTITY[sdk=iphoneos*]" = "";
				"CODE_SIGN_IDENTITY[sdk=watchos*]" = "";
				GCC_PREFIX_HEADER = "Target Support Files/Masonry/Masonry-prefix.pch";
				IPHONEOS_DEPLOYMENT_TARGET = 6.0;
				OTHER_LDFLAGS = "";
				OTHER_LIBTOOLFLAGS = "";
				PRIVATE_HEADERS_FOLDER_PATH = "";
				PRODUCT_MODULE_NAME = Masonry;
				PRODUCT_NAME = Masonry;
				PUBLIC_HEADERS_FOLDER_PATH = "";
				SDKROOT = iphoneos;
				SKIP_INSTALL = YES;
				SWIFT_ACTIVE_COMPILATION_CONDITIONS = "$(inherited) ";
				TARGETED_DEVICE_FAMILY = "1,2";
				VALIDATE_PRODUCT = YES;
			};
			name = Release;
		};
/* End XCBuildConfiguration section */

/* Begin XCConfigurationList section */
		20030ED0E611AB6D834B464119FAD4C2 /* Build configuration list for PBXNativeTarget "AFNetworking" */ = {
			isa = XCConfigurationList;
			buildConfigurations = (
				F5CCB138F5B4176104D2D4338EA7D967 /* Debug */,
				75BBC915B85086D1B86D1A8FFB3D41E6 /* Release */,
			);
			defaultConfigurationIsVisible = 0;
			defaultConfigurationName = Release;
		};
		2D8E8EC45A3A1A1D94AE762CB5028504 /* Build configuration list for PBXProject "Pods" */ = {
			isa = XCConfigurationList;
			buildConfigurations = (
				80CD87F6CD790A781413136112217B22 /* Debug */,
				4EE6C0506316755875CD481FAC933799 /* Release */,
			);
			defaultConfigurationIsVisible = 0;
			defaultConfigurationName = Release;
		};
		3428FA9D8846C35F2A42E9A088626AD1 /* Build configuration list for PBXNativeTarget "FMDB" */ = {
			isa = XCConfigurationList;
			buildConfigurations = (
				4E325306CC9676AE36768C29A7BF95BC /* Debug */,
				A5355117F36974A28246067DE3E6E734 /* Release */,
			);
			defaultConfigurationIsVisible = 0;
			defaultConfigurationName = Release;
		};
		420E3EE43CC1A350A2EBA09ABC5E762A /* Build configuration list for PBXNativeTarget "Masonry" */ = {
			isa = XCConfigurationList;
			buildConfigurations = (
				B77CDB06222B88F32C409776BBC26A7D /* Debug */,
				F7E20F507B74FA358DF06D8E46E54D8A /* Release */,
			);
			defaultConfigurationIsVisible = 0;
			defaultConfigurationName = Release;
		};
		E7D8E4338BFC8FF324506B66CFD3DCA7 /* Build configuration list for PBXNativeTarget "Pods-ChatHan" */ = {
			isa = XCConfigurationList;
			buildConfigurations = (
				72207D30BCCF055C2BF2AC4A246973CB /* Debug */,
				7816848ADC0F7C831993082F86569985 /* Release */,
			);
			defaultConfigurationIsVisible = 0;
			defaultConfigurationName = Release;
		};
/* End XCConfigurationList section */
	};
	rootObject = D41D8CD98F00B204E9800998ECF8427E /* Project object */;
}
